<?xml version="1.0" encoding="utf-8"?>
<Project ToolsVersion="17.0" xmlns="http://schemas.microsoft.com/developer/msbuild/2003">
  <ItemGroup>
    <ClCompile Include="C:\work\qt\Studio\build_vs\irisgl\IrisGL_autogen\mocs_compilation_Debug.cpp">
      <Filter>Source Files</Filter>
    </ClCompile>
    <ClCompile Include="C:\work\qt\Studio\irisgl\src\graphics\mesh.cpp">
      <Filter>Source Files</Filter>
    </ClCompile>
    <ClCompile Include="C:\work\qt\Studio\irisgl\src\graphics\model.cpp">
      <Filter>Source Files</Filter>
    </ClCompile>
    <ClCompile Include="C:\work\qt\Studio\irisgl\src\materials\defaultmaterial.cpp">
      <Filter>Source Files</Filter>
    </ClCompile>
    <ClCompile Include="C:\work\qt\Studio\irisgl\src\scenegraph\meshnode.cpp">
      <Filter>Source Files</Filter>
    </ClCompile>
    <ClCompile Include="C:\work\qt\Studio\irisgl\src\graphics\forwardrenderer.cpp">
      <Filter>Source Files</Filter>
    </ClCompile>
    <ClCompile Include="C:\work\qt\Studio\irisgl\src\graphics\graphicshelper.cpp">
      <Filter>Source Files</Filter>
    </ClCompile>
    <ClCompile Include="C:\work\qt\Studio\irisgl\src\graphics\utils\billboard.cpp">
      <Filter>Source Files</Filter>
    </ClCompile>
    <ClCompile Include="C:\work\qt\Studio\irisgl\src\scenegraph\cameranode.cpp">
      <Filter>Source Files</Filter>
    </ClCompile>
    <ClCompile Include="C:\work\qt\Studio\irisgl\src\graphics\texture2d.cpp">
      <Filter>Source Files</Filter>
    </ClCompile>
    <ClCompile Include="C:\work\qt\Studio\irisgl\src\graphics\texturecube.cpp">
      <Filter>Source Files</Filter>
    </ClCompile>
    <ClCompile Include="C:\work\qt\Studio\irisgl\src\materials\defaultskymaterial.cpp">
      <Filter>Source Files</Filter>
    </ClCompile>
    <ClCompile Include="C:\work\qt\Studio\irisgl\src\graphics\material.cpp">
      <Filter>Source Files</Filter>
    </ClCompile>
    <ClCompile Include="C:\work\qt\Studio\irisgl\src\graphics\utils\fullscreenquad.cpp">
      <Filter>Source Files</Filter>
    </ClCompile>
    <ClCompile Include="C:\work\qt\Studio\irisgl\src\vr\vrdevice.cpp">
      <Filter>Source Files</Filter>
    </ClCompile>
    <ClCompile Include="C:\work\qt\Studio\irisgl\src\geometry\trimesh.cpp">
      <Filter>Source Files</Filter>
    </ClCompile>
    <ClCompile Include="C:\work\qt\Studio\irisgl\src\graphics\vertexlayout.cpp">
      <Filter>Source Files</Filter>
    </ClCompile>
    <ClCompile Include="C:\work\qt\Studio\irisgl\src\graphics\shader.cpp">
      <Filter>Source Files</Filter>
    </ClCompile>
    <ClCompile Include="C:\work\qt\Studio\irisgl\src\graphics\texture.cpp">
      <Filter>Source Files</Filter>
    </ClCompile>
    <ClCompile Include="C:\work\qt\Studio\irisgl\src\graphics\shadowmap.cpp">
      <Filter>Source Files</Filter>
    </ClCompile>
    <ClCompile Include="C:\work\qt\Studio\irisgl\src\animation\animation.cpp">
      <Filter>Source Files</Filter>
    </ClCompile>
    <ClCompile Include="C:\work\qt\Studio\irisgl\src\animation\keyframeset.cpp">
      <Filter>Source Files</Filter>
    </ClCompile>
    <ClCompile Include="C:\work\qt\Studio\irisgl\src\materials\materialhelper.cpp">
      <Filter>Source Files</Filter>
    </ClCompile>
    <ClCompile Include="C:\work\qt\Studio\irisgl\src\scenegraph\viewernode.cpp">
      <Filter>Source Files</Filter>
    </ClCompile>
    <ClCompile Include="C:\work\qt\Studio\irisgl\src\scenegraph\particlesystemnode.cpp">
      <Filter>Source Files</Filter>
    </ClCompile>
    <ClCompile Include="C:\work\qt\Studio\irisgl\src\vr\vrmanager.cpp">
      <Filter>Source Files</Filter>
    </ClCompile>
    <ClCompile Include="C:\work\qt\Studio\irisgl\src\vr\handpose.cpp">
      <Filter>Source Files</Filter>
    </ClCompile>
    <ClCompile Include="C:\work\qt\Studio\irisgl\src\math\mathhelper.cpp">
      <Filter>Source Files</Filter>
    </ClCompile>
    <ClCompile Include="C:\work\qt\Studio\irisgl\src\materials\custommaterial.cpp">
      <Filter>Source Files</Filter>
    </ClCompile>
    <ClCompile Include="C:\work\qt\Studio\irisgl\src\graphics\rendertarget.cpp">
      <Filter>Source Files</Filter>
    </ClCompile>
    <ClCompile Include="C:\work\qt\Studio\irisgl\src\graphics\postprocessmanager.cpp">
      <Filter>Source Files</Filter>
    </ClCompile>
    <ClCompile Include="C:\work\qt\Studio\irisgl\src\postprocesses\coloroverlaypostprocess.cpp">
      <Filter>Source Files</Filter>
    </ClCompile>
    <ClCompile Include="C:\work\qt\Studio\irisgl\src\postprocesses\radialblurpostprocess.cpp">
      <Filter>Source Files</Filter>
    </ClCompile>
    <ClCompile Include="C:\work\qt\Studio\irisgl\src\postprocesses\bloompostprocess.cpp">
      <Filter>Source Files</Filter>
    </ClCompile>
    <ClCompile Include="C:\work\qt\Studio\irisgl\src\postprocesses\greyscalepostprocess.cpp">
      <Filter>Source Files</Filter>
    </ClCompile>
    <ClCompile Include="C:\work\qt\Studio\irisgl\src\postprocesses\ssaopostprocess.cpp">
      <Filter>Source Files</Filter>
    </ClCompile>
    <ClCompile Include="C:\work\qt\Studio\irisgl\src\animation\propertyanim.cpp">
      <Filter>Source Files</Filter>
    </ClCompile>
    <ClCompile Include="C:\work\qt\Studio\irisgl\src\scenegraph\lightnode.cpp">
      <Filter>Source Files</Filter>
    </ClCompile>
    <ClCompile Include="C:\work\qt\Studio\irisgl\src\animation\skeletalanimation.cpp">
      <Filter>Source Files</Filter>
    </ClCompile>
    <ClCompile Include="C:\work\qt\Studio\irisgl\src\graphics\skeleton.cpp">
      <Filter>Source Files</Filter>
    </ClCompile>
    <ClCompile Include="C:\work\qt\Studio\irisgl\src\scenegraph\scene.cpp">
      <Filter>Source Files</Filter>
    </ClCompile>
    <ClCompile Include="C:\work\qt\Studio\irisgl\src\scenegraph\scenenode.cpp">
      <Filter>Source Files</Filter>
    </ClCompile>
    <ClCompile Include="C:\work\qt\Studio\irisgl\src\geometry\plane.cpp">
      <Filter>Source Files</Filter>
    </ClCompile>
    <ClCompile Include="C:\work\qt\Studio\irisgl\src\geometry\frustum.cpp">
      <Filter>Source Files</Filter>
    </ClCompile>
    <ClCompile Include="C:\work\qt\Studio\irisgl\src\geometry\aabb.cpp">
      <Filter>Source Files</Filter>
    </ClCompile>
    <ClCompile Include="C:\work\qt\Studio\irisgl\src\core\logger.cpp">
      <Filter>Source Files</Filter>
    </ClCompile>
    <ClCompile Include="C:\work\qt\Studio\irisgl\src\graphics\renderlist.cpp">
      <Filter>Source Files</Filter>
    </ClCompile>
    <ClCompile Include="C:\work\qt\Studio\irisgl\src\graphics\renderitem.cpp">
      <Filter>Source Files</Filter>
    </ClCompile>
    <ClCompile Include="C:\work\qt\Studio\irisgl\src\graphics\utils\linemeshbuilder.cpp">
      <Filter>Source Files</Filter>
    </ClCompile>
    <ClCompile Include="C:\work\qt\Studio\irisgl\src\graphics\utils\shapehelper.cpp">
      <Filter>Source Files</Filter>
    </ClCompile>
    <ClCompile Include="C:\work\qt\Studio\irisgl\src\materials\colormaterial.cpp">
      <Filter>Source Files</Filter>
    </ClCompile>
    <ClCompile Include="C:\work\qt\Studio\irisgl\src\materials\linecolormaterial.cpp">
      <Filter>Source Files</Filter>
    </ClCompile>
    <ClCompile Include="C:\work\qt\Studio\irisgl\src\postprocesses\fxaapostprocess.cpp">
      <Filter>Source Files</Filter>
    </ClCompile>
    <ClCompile Include="C:\work\qt\Studio\irisgl\src\graphics\graphicsdevice.cpp">
      <Filter>Source Files</Filter>
    </ClCompile>
    <ClCompile Include="C:\work\qt\Studio\irisgl\src\widgets\renderwidget.cpp">
      <Filter>Source Files</Filter>
    </ClCompile>
    <ClCompile Include="C:\work\qt\Studio\irisgl\src\graphics\spritebatch.cpp">
      <Filter>Source Files</Filter>
    </ClCompile>
    <ClCompile Include="C:\work\qt\Studio\irisgl\src\graphics\renderstates.cpp">
      <Filter>Source Files</Filter>
    </ClCompile>
    <ClCompile Include="C:\work\qt\Studio\irisgl\src\graphics\font.cpp">
      <Filter>Source Files</Filter>
    </ClCompile>
    <ClCompile Include="C:\work\qt\Studio\irisgl\src\graphics\blendstate.cpp">
      <Filter>Source Files</Filter>
    </ClCompile>
    <ClCompile Include="C:\work\qt\Studio\irisgl\src\graphics\depthstate.cpp">
      <Filter>Source Files</Filter>
    </ClCompile>
    <ClCompile Include="C:\work\qt\Studio\irisgl\src\graphics\rasterizerstate.cpp">
      <Filter>Source Files</Filter>
    </ClCompile>
    <ClCompile Include="C:\work\qt\Studio\irisgl\src\content\contentmanager.cpp">
      <Filter>Source Files</Filter>
    </ClCompile>
    <ClCompile Include="C:\work\qt\Studio\irisgl\src\content\modelloader.cpp">
      <Filter>Source Files</Filter>
    </ClCompile>
    <ClCompile Include="C:\work\qt\Studio\irisgl\src\libovr\Src\OVR_CAPI_Util.cpp">
      <Filter>Source Files</Filter>
    </ClCompile>
    <ClCompile Include="C:\work\qt\Studio\irisgl\src\libovr\Src\OVR_StereoProjection.cpp">
      <Filter>Source Files</Filter>
    </ClCompile>
    <ClCompile Include="C:\work\qt\Studio\irisgl\src\libovr\Src\OVR_CAPIShim.c">
      <Filter>Source Files</Filter>
    </ClCompile>
    <ClCompile Include="C:\work\qt\Studio\irisgl\src\physics\environment.cpp">
      <Filter>Source Files</Filter>
    </ClCompile>
    <ClCompile Include="C:\work\qt\Studio\irisgl\src\physics\physicshelper.cpp">
      <Filter>Source Files</Filter>
    </ClCompile>
    <ClCompile Include="C:\work\qt\Studio\irisgl\src\scenegraph\grabnode.cpp">
      <Filter>Source Files</Filter>
    </ClCompile>
    <ClCompile Include="C:\work\qt\Studio\irisgl\src\physics\charactercontroller.cpp">
      <Filter>Source Files</Filter>
    </ClCompile>
    <ClCompile Include="C:\work\qt\Studio\irisgl\src\vtkmeta\node.cpp">
      <Filter>Source Files</Filter>
    </ClCompile>
    <ClCompile Include="C:\work\qt\Studio\irisgl\src\vtkmeta\mesh.cpp">
      <Filter>Source Files</Filter>
    </ClCompile>
    <ClCompile Include="C:\work\qt\Studio\irisgl\src\vtkmeta\material.cpp">
      <Filter>Source Files</Filter>
    </ClCompile>
    <ClCompile Include="C:\work\qt\Studio\irisgl\src\vtkmeta\scene.cpp">
      <Filter>Source Files</Filter>
    </ClCompile>
    <ClCompile Include="C:\work\qt\Studio\irisgl\src\vtkmeta\assetloader.cpp">
      <Filter>Source Files</Filter>
    </ClCompile>
    <ClCompile Include="C:\work\qt\Studio\irisgl\src\vtkmeta\assetimporter.cpp">
      <Filter>Source Files</Filter>
    </ClCompile>
    <ClCompile Include="C:\work\qt\Studio\irisgl\src\vtkmeta\importerhelper.cpp">
      <Filter>Source Files</Filter>
    </ClCompile>
    <ClCompile Include="C:\work\qt\Studio\irisgl\src\vtkmeta\assettypes.cpp">
      <Filter>Source Files</Filter>
    </ClCompile>
    <ClCompile Include="C:\work\qt\Studio\irisgl\src\vtkmeta\assetjsonwriter.cpp">
      <Filter>Source Files</Filter>
    </ClCompile>
    <ClCompile Include="C:\work\qt\Studio\irisgl\src\vtkmeta\assetjsonhelper.cpp">
      <Filter>Source Files</Filter>
    </ClCompile>
    <ClCompile Include="C:\work\qt\Studio\irisgl\src\vtkmeta\assetdatatypes.cpp">
      <Filter>Source Files</Filter>
    </ClCompile>
    <ClCompile Include="C:\work\qt\Studio\irisgl\src\vtkmeta\assetvtkimporter.cpp">
      <Filter>Source Files</Filter>
    </ClCompile>
    <ClCompile Include="C:\work\qt\Studio\irisgl\src\vtkmeta\assetvtkloader.cpp">
      <Filter>Source Files</Filter>
    </ClCompile>
    <ClCompile Include="C:\work\qt\Studio\irisgl\src\vtkmeta\modeldocumentserializer.cpp">
      <Filter>Source Files</Filter>
    </ClCompile>
    <ClCompile Include="C:\work\qt\Studio\build_vs\irisgl\IrisGL_autogen\EWIEGA46WW_Debug\qrc_assets.cpp">
      <Filter>Source Files</Filter>
    </ClCompile>
    <ClCompile Include="C:\work\qt\Studio\build_vs\irisgl\IrisGL_autogen\mocs_compilation_Release.cpp">
      <Filter>Source Files</Filter>
    </ClCompile>
    <ClCompile Include="C:\work\qt\Studio\build_vs\irisgl\IrisGL_autogen\EWIEGA46WW_Release\qrc_assets.cpp">
      <Filter>Source Files</Filter>
    </ClCompile>
    <ClCompile Include="C:\work\qt\Studio\build_vs\irisgl\IrisGL_autogen\mocs_compilation_MinSizeRel.cpp">
      <Filter>Source Files</Filter>
    </ClCompile>
    <ClCompile Include="C:\work\qt\Studio\build_vs\irisgl\IrisGL_autogen\EWIEGA46WW_MinSizeRel\qrc_assets.cpp">
      <Filter>Source Files</Filter>
    </ClCompile>
    <ClCompile Include="C:\work\qt\Studio\build_vs\irisgl\IrisGL_autogen\mocs_compilation_RelWithDebInfo.cpp">
      <Filter>Source Files</Filter>
    </ClCompile>
    <ClCompile Include="C:\work\qt\Studio\build_vs\irisgl\IrisGL_autogen\EWIEGA46WW_RelWithDebInfo\qrc_assets.cpp">
      <Filter>Source Files</Filter>
    </ClCompile>
  </ItemGroup>
  <ItemGroup>
    <ClInclude Include="C:\work\qt\Studio\irisgl\src\animation\nodekeyframe.h">
      <Filter>Header Files</Filter>
    </ClInclude>
    <ClInclude Include="C:\work\qt\Studio\irisgl\src\animation\keyframeanimation.h">
      <Filter>Header Files</Filter>
    </ClInclude>
    <ClInclude Include="C:\work\qt\Studio\irisgl\src\scenegraph\lightnode.h">
      <Filter>Header Files</Filter>
    </ClInclude>
    <ClInclude Include="C:\work\qt\Studio\irisgl\src\graphics\texture2d.h">
      <Filter>Header Files</Filter>
    </ClInclude>
    <ClInclude Include="C:\work\qt\Studio\irisgl\src\graphics\texture.h">
      <Filter>Header Files</Filter>
    </ClInclude>
    <ClInclude Include="C:\work\qt\Studio\irisgl\src\graphics\texturecube.h">
      <Filter>Header Files</Filter>
    </ClInclude>
    <ClInclude Include="C:\work\qt\Studio\irisgl\src\graphics\shadowmap.h">
      <Filter>Header Files</Filter>
    </ClInclude>
    <ClInclude Include="C:\work\qt\Studio\irisgl\src\graphics\mesh.h">
      <Filter>Header Files</Filter>
    </ClInclude>
    <ClInclude Include="C:\work\qt\Studio\irisgl\src\graphics\model.h">
      <Filter>Header Files</Filter>
    </ClInclude>
    <ClInclude Include="C:\work\qt\Studio\irisgl\src\graphics\material.h">
      <Filter>Header Files</Filter>
    </ClInclude>
    <ClInclude Include="C:\work\qt\Studio\irisgl\src\scenegraph\cameranode.h">
      <Filter>Header Files</Filter>
    </ClInclude>
    <ClInclude Include="C:\work\qt\Studio\irisgl\src\scenegraph\meshnode.h">
      <Filter>Header Files</Filter>
    </ClInclude>
    <ClInclude Include="C:\work\qt\Studio\irisgl\src\graphics\renderdata.h">
      <Filter>Header Files</Filter>
    </ClInclude>
    <ClInclude Include="C:\work\qt\Studio\irisgl\src\graphics\forwardrenderer.h">
      <Filter>Header Files</Filter>
    </ClInclude>
    <ClInclude Include="C:\work\qt\Studio\irisgl\src\materials\defaultmaterial.h">
      <Filter>Header Files</Filter>
    </ClInclude>
    <ClInclude Include="C:\work\qt\Studio\irisgl\src\graphics\vertexlayout.h">
      <Filter>Header Files</Filter>
    </ClInclude>
    <ClInclude Include="C:\work\qt\Studio\irisgl\src\graphics\viewport.h">
      <Filter>Header Files</Filter>
    </ClInclude>
    <ClInclude Include="C:\work\qt\Studio\irisgl\src\materials\billboardmaterial.h">
      <Filter>Header Files</Filter>
    </ClInclude>
    <ClInclude Include="C:\work\qt\Studio\irisgl\src\graphics\graphicshelper.h">
      <Filter>Header Files</Filter>
    </ClInclude>
    <ClInclude Include="C:\work\qt\Studio\irisgl\src\graphics\utils\billboard.h">
      <Filter>Header Files</Filter>
    </ClInclude>
    <ClInclude Include="C:\work\qt\Studio\irisgl\src\geometry\trimesh.h">
      <Filter>Header Files</Filter>
    </ClInclude>
    <ClInclude Include="C:\work\qt\Studio\irisgl\src\materials\defaultskymaterial.h">
      <Filter>Header Files</Filter>
    </ClInclude>
    <ClInclude Include="C:\work\qt\Studio\irisgl\src\core\meshmanager.h">
      <Filter>Header Files</Filter>
    </ClInclude>
    <ClInclude Include="C:\work\qt\Studio\irisgl\src\graphics\utils\fullscreenquad.h">
      <Filter>Header Files</Filter>
    </ClInclude>
    <ClInclude Include="C:\work\qt\Studio\irisgl\src\vr\vrdevice.h">
      <Filter>Header Files</Filter>
    </ClInclude>
    <ClInclude Include="C:\work\qt\Studio\irisgl\src\vr\handpose.h">
      <Filter>Header Files</Filter>
    </ClInclude>
    <ClInclude Include="C:\work\qt\Studio\irisgl\src\math\mathhelper.h">
      <Filter>Header Files</Filter>
    </ClInclude>
    <ClInclude Include="C:\work\qt\Studio\irisgl\src\irisglfwd.h">
      <Filter>Header Files</Filter>
    </ClInclude>
    <ClInclude Include="C:\work\qt\Studio\irisgl\src\graphics\shader.h">
      <Filter>Header Files</Filter>
    </ClInclude>
    <ClInclude Include="C:\work\qt\Studio\irisgl\src\irisgl.h">
      <Filter>Header Files</Filter>
    </ClInclude>
    <ClInclude Include="C:\work\qt\Studio\irisgl\src\math\intersectionhelper.h">
      <Filter>Header Files</Filter>
    </ClInclude>
    <ClInclude Include="C:\work\qt\Studio\irisgl\src\animation\keyframeset.h">
      <Filter>Header Files</Filter>
    </ClInclude>
    <ClInclude Include="C:\work\qt\Studio\irisgl\src\math\bezierhelper.h">
      <Filter>Header Files</Filter>
    </ClInclude>
    <ClInclude Include="C:\work\qt\Studio\irisgl\src\animation\animation.h">
      <Filter>Header Files</Filter>
    </ClInclude>
    <ClInclude Include="C:\work\qt\Studio\irisgl\src\materials\materialhelper.h">
      <Filter>Header Files</Filter>
    </ClInclude>
    <ClInclude Include="C:\work\qt\Studio\irisgl\src\core\irisutils.h">
      <Filter>Header Files</Filter>
    </ClInclude>
    <ClInclude Include="C:\work\qt\Studio\irisgl\src\core\ziphelper.h">
      <Filter>Header Files</Filter>
    </ClInclude>
    <ClInclude Include="C:\work\qt\Studio\irisgl\src\scenegraph\viewernode.h">
      <Filter>Header Files</Filter>
    </ClInclude>
    <ClInclude Include="C:\work\qt\Studio\irisgl\src\graphics\particle.h">
      <Filter>Header Files</Filter>
    </ClInclude>
    <ClInclude Include="C:\work\qt\Studio\irisgl\src\graphics\particlerender.h">
      <Filter>Header Files</Filter>
    </ClInclude>
    <ClInclude Include="C:\work\qt\Studio\irisgl\src\graphics\renderitem.h">
      <Filter>Header Files</Filter>
    </ClInclude>
    <ClInclude Include="C:\work\qt\Studio\irisgl\src\scenegraph\particlesystemnode.h">
      <Filter>Header Files</Filter>
    </ClInclude>
    <ClInclude Include="C:\work\qt\Studio\irisgl\src\vr\vrmanager.h">
      <Filter>Header Files</Filter>
    </ClInclude>
    <ClInclude Include="C:\work\qt\Studio\irisgl\src\graphics\iviewsource.h">
      <Filter>Header Files</Filter>
    </ClInclude>
    <ClInclude Include="C:\work\qt\Studio\irisgl\src\materials\custommaterial.h">
      <Filter>Header Files</Filter>
    </ClInclude>
    <ClInclude Include="C:\work\qt\Studio\irisgl\src\graphics\postprocess.h">
      <Filter>Header Files</Filter>
    </ClInclude>
    <ClInclude Include="C:\work\qt\Studio\irisgl\src\graphics\postprocessmanager.h">
      <Filter>Header Files</Filter>
    </ClInclude>
    <ClInclude Include="C:\work\qt\Studio\irisgl\src\graphics\rendertexture.h">
      <Filter>Header Files</Filter>
    </ClInclude>
    <ClInclude Include="C:\work\qt\Studio\irisgl\src\graphics\rendertarget.h">
      <Filter>Header Files</Filter>
    </ClInclude>
    <ClInclude Include="C:\work\qt\Studio\irisgl\src\postprocesses\bloompostprocess.h">
      <Filter>Header Files</Filter>
    </ClInclude>
    <ClInclude Include="C:\work\qt\Studio\irisgl\src\postprocesses\coloroverlaypostprocess.h">
      <Filter>Header Files</Filter>
    </ClInclude>
    <ClInclude Include="C:\work\qt\Studio\irisgl\src\postprocesses\radialblurpostprocess.h">
      <Filter>Header Files</Filter>
    </ClInclude>
    <ClInclude Include="C:\work\qt\Studio\irisgl\src\postprocesses\greyscalepostprocess.h">
      <Filter>Header Files</Filter>
    </ClInclude>
    <ClInclude Include="C:\work\qt\Studio\irisgl\src\postprocesses\ssaopostprocess.h">
      <Filter>Header Files</Filter>
    </ClInclude>
    <ClInclude Include="C:\work\qt\Studio\irisgl\src\postprocesses\materialpostprocess.h">
      <Filter>Header Files</Filter>
    </ClInclude>
    <ClInclude Include="C:\work\qt\Studio\irisgl\src\animation\propertyanim.h">
      <Filter>Header Files</Filter>
    </ClInclude>
    <ClInclude Include="C:\work\qt\Studio\irisgl\src\animation\animableproperty.h">
      <Filter>Header Files</Filter>
    </ClInclude>
    <ClInclude Include="C:\work\qt\Studio\irisgl\src\utils\hashedlist.h">
      <Filter>Header Files</Filter>
    </ClInclude>
    <ClInclude Include="C:\work\qt\Studio\irisgl\src\graphics\skeleton.h">
      <Filter>Header Files</Filter>
    </ClInclude>
    <ClInclude Include="C:\work\qt\Studio\irisgl\src\animation\skeletalanimation.h">
      <Filter>Header Files</Filter>
    </ClInclude>
    <ClInclude Include="C:\work\qt\Studio\irisgl\src\animation\floatcurve.h">
      <Filter>Header Files</Filter>
    </ClInclude>
    <ClInclude Include="C:\work\qt\Studio\irisgl\src\scenegraph\scene.h">
      <Filter>Header Files</Filter>
    </ClInclude>
    <ClInclude Include="C:\work\qt\Studio\irisgl\src\scenegraph\scenenode.h">
      <Filter>Header Files</Filter>
    </ClInclude>
    <ClInclude Include="C:\work\qt\Studio\irisgl\src\core\property.h">
      <Filter>Header Files</Filter>
    </ClInclude>
    <ClInclude Include="C:\work\qt\Studio\irisgl\src\geometry\boundingsphere.h">
      <Filter>Header Files</Filter>
    </ClInclude>
    <ClInclude Include="C:\work\qt\Studio\irisgl\src\geometry\plane.h">
      <Filter>Header Files</Filter>
    </ClInclude>
    <ClInclude Include="C:\work\qt\Studio\irisgl\src\geometry\frustum.h">
      <Filter>Header Files</Filter>
    </ClInclude>
    <ClInclude Include="C:\work\qt\Studio\irisgl\src\geometry\aabb.h">
      <Filter>Header Files</Filter>
    </ClInclude>
    <ClInclude Include="C:\work\qt\Studio\irisgl\src\math\transform.h">
      <Filter>Header Files</Filter>
    </ClInclude>
    <ClInclude Include="C:\work\qt\Studio\irisgl\src\core\logger.h">
      <Filter>Header Files</Filter>
    </ClInclude>
    <ClInclude Include="C:\work\qt\Studio\irisgl\src\core\performancetimer.h">
      <Filter>Header Files</Filter>
    </ClInclude>
    <ClInclude Include="C:\work\qt\Studio\irisgl\src\graphics\renderlist.h">
      <Filter>Header Files</Filter>
    </ClInclude>
    <ClInclude Include="C:\work\qt\Studio\irisgl\src\graphics\renderstates.h">
      <Filter>Header Files</Filter>
    </ClInclude>
    <ClInclude Include="C:\work\qt\Studio\irisgl\src\graphics\utils\linemeshbuilder.h">
      <Filter>Header Files</Filter>
    </ClInclude>
    <ClInclude Include="C:\work\qt\Studio\irisgl\src\graphics\utils\shapehelper.h">
      <Filter>Header Files</Filter>
    </ClInclude>
    <ClInclude Include="C:\work\qt\Studio\irisgl\src\materials\colormaterial.h">
      <Filter>Header Files</Filter>
    </ClInclude>
    <ClInclude Include="C:\work\qt\Studio\irisgl\src\materials\linecolormaterial.h">
      <Filter>Header Files</Filter>
    </ClInclude>
    <ClInclude Include="C:\work\qt\Studio\irisgl\src\postprocesses\fxaapostprocess.h">
      <Filter>Header Files</Filter>
    </ClInclude>
    <ClInclude Include="C:\work\qt\Studio\irisgl\src\graphics\graphicsdevice.h">
      <Filter>Header Files</Filter>
    </ClInclude>
    <ClInclude Include="C:\work\qt\Studio\irisgl\src\widgets\renderwidget.h">
      <Filter>Header Files</Filter>
    </ClInclude>
    <ClInclude Include="C:\work\qt\Studio\irisgl\src\graphics\spritebatch.h">
      <Filter>Header Files</Filter>
    </ClInclude>
    <ClInclude Include="C:\work\qt\Studio\irisgl\src\graphics\font.h">
      <Filter>Header Files</Filter>
    </ClInclude>
    <ClInclude Include="C:\work\qt\Studio\irisgl\src\graphics\blendstate.h">
      <Filter>Header Files</Filter>
    </ClInclude>
    <ClInclude Include="C:\work\qt\Studio\irisgl\src\graphics\depthstate.h">
      <Filter>Header Files</Filter>
    </ClInclude>
    <ClInclude Include="C:\work\qt\Studio\irisgl\src\graphics\rasterizerstate.h">
      <Filter>Header Files</Filter>
    </ClInclude>
    <ClInclude Include="C:\work\qt\Studio\irisgl\src\content\contentmanager.h">
      <Filter>Header Files</Filter>
    </ClInclude>
    <ClInclude Include="C:\work\qt\Studio\irisgl\src\content\modelloader.h">
      <Filter>Header Files</Filter>
    </ClInclude>
    <ClInclude Include="C:\work\qt\Studio\irisgl\src\libovr\Include\OVR_CAPI.h">
      <Filter>Header Files</Filter>
    </ClInclude>
    <ClInclude Include="C:\work\qt\Studio\irisgl\src\libovr\Include\OVR_CAPI_Audio.h">
      <Filter>Header Files</Filter>
    </ClInclude>
    <ClInclude Include="C:\work\qt\Studio\irisgl\src\libovr\Include\OVR_CAPI_D3D.h">
      <Filter>Header Files</Filter>
    </ClInclude>
    <ClInclude Include="C:\work\qt\Studio\irisgl\src\libovr\Include\OVR_CAPI_GL.h">
      <Filter>Header Files</Filter>
    </ClInclude>
    <ClInclude Include="C:\work\qt\Studio\irisgl\src\libovr\Include\OVR_CAPI_Keys.h">
      <Filter>Header Files</Filter>
    </ClInclude>
    <ClInclude Include="C:\work\qt\Studio\irisgl\src\libovr\Include\OVR_ErrorCode.h">
      <Filter>Header Files</Filter>
    </ClInclude>
    <ClInclude Include="C:\work\qt\Studio\irisgl\src\libovr\Include\OVR_Version.h">
      <Filter>Header Files</Filter>
    </ClInclude>
    <ClInclude Include="C:\work\qt\Studio\irisgl\src\libovr\Include\Extras\OVR_CAPI_Util.h">
      <Filter>Header Files</Filter>
    </ClInclude>
    <ClInclude Include="C:\work\qt\Studio\irisgl\src\libovr\Include\Extras\OVR_Math.h">
      <Filter>Header Files</Filter>
    </ClInclude>
    <ClInclude Include="C:\work\qt\Studio\irisgl\src\libovr\Include\Extras\OVR_StereoProjection.h">
      <Filter>Header Files</Filter>
    </ClInclude>
    <ClInclude Include="C:\work\qt\Studio\irisgl\src\libovr\Src\OVR_CAPI_Prototypes.h">
      <Filter>Header Files</Filter>
    </ClInclude>
    <ClInclude Include="C:\work\qt\Studio\irisgl\src\physics\environment.h">
      <Filter>Header Files</Filter>
    </ClInclude>
    <ClInclude Include="C:\work\qt\Studio\irisgl\src\physics\physicshelper.h">
      <Filter>Header Files</Filter>
    </ClInclude>
    <ClInclude Include="C:\work\qt\Studio\irisgl\src\physics\physicsproperties.h">
      <Filter>Header Files</Filter>
    </ClInclude>
    <ClInclude Include="C:\work\qt\Studio\irisgl\src\scenegraph\grabnode.h">
      <Filter>Header Files</Filter>
    </ClInclude>
    <ClInclude Include="C:\work\qt\Studio\irisgl\src\physics\charactercontroller.h">
      <Filter>Header Files</Filter>
    </ClInclude>
    <ClInclude Include="C:\work\qt\Studio\irisgl\src\vtkmeta\node.h">
      <Filter>Header Files</Filter>
    </ClInclude>
    <ClInclude Include="C:\work\qt\Studio\irisgl\src\vtkmeta\mesh.h">
      <Filter>Header Files</Filter>
    </ClInclude>
    <ClInclude Include="C:\work\qt\Studio\irisgl\src\vtkmeta\material.h">
      <Filter>Header Files</Filter>
    </ClInclude>
    <ClInclude Include="C:\work\qt\Studio\irisgl\src\vtkmeta\scene.h">
      <Filter>Header Files</Filter>
    </ClInclude>
    <ClInclude Include="C:\work\qt\Studio\irisgl\src\vtkmeta\assetloader.h">
      <Filter>Header Files</Filter>
    </ClInclude>
    <ClInclude Include="C:\work\qt\Studio\irisgl\src\vtkmeta\assetimporter.h">
      <Filter>Header Files</Filter>
    </ClInclude>
    <ClInclude Include="C:\work\qt\Studio\irisgl\src\vtkmeta\importerHelper.h">
      <Filter>Header Files</Filter>
    </ClInclude>
    <ClInclude Include="C:\work\qt\Studio\irisgl\src\vtkmeta\assettypes.h">
      <Filter>Header Files</Filter>
    </ClInclude>
    <ClInclude Include="C:\work\qt\Studio\irisgl\src\vtkmeta\assetjsonwriter.h">
      <Filter>Header Files</Filter>
    </ClInclude>
    <ClInclude Include="C:\work\qt\Studio\irisgl\src\vtkmeta\assetjsonhelper.h">
      <Filter>Header Files</Filter>
    </ClInclude>
    <ClInclude Include="C:\work\qt\Studio\irisgl\src\vtkmeta\assetdatatypes.h">
      <Filter>Header Files</Filter>
    </ClInclude>
    <ClInclude Include="C:\work\qt\Studio\irisgl\src\vtkmeta\assetvtkimporter.h">
      <Filter>Header Files</Filter>
    </ClInclude>
    <ClInclude Include="C:\work\qt\Studio\irisgl\src\vtkmeta\assetvtkloader.h">
      <Filter>Header Files</Filter>
    </ClInclude>
    <ClInclude Include="C:\work\qt\Studio\irisgl\src\vtkmeta\modeldocumentserializer.h">
      <Filter>Header Files</Filter>
    </ClInclude>
  </ItemGroup>
  <ItemGroup>
    <CustomBuild Include="C:\work\qt\Studio\build_vs\CMakeFiles\2df40b152abbfdd504e5d2aa1d7f27b6\qrc_assets.cpp.rule">
      <Filter>CMake Rules</Filter>
    </CustomBuild>
    <CustomBuild Include="C:\work\qt\Studio\irisgl\CMakeLists.txt" />
  </ItemGroup>
  <ItemGroup>
    <None Include="C:\work\qt\Studio\irisgl\assets.qrc">
      <Filter>Resources</Filter>
    </None>
  </ItemGroup>
  <ItemGroup>
    <Filter Include="CMake Rules">
      <UniqueIdentifier>{AA0323AE-53AD-306A-8E18-1ED49D87EBB7}</UniqueIdentifier>
    </Filter>
    <Filter Include="Header Files">
      <UniqueIdentifier>{898F4941-0AB9-377B-AEA4-99B356BA22A6}</UniqueIdentifier>
    </Filter>
    <Filter Include="Resources">
      <UniqueIdentifier>{B69A4F9A-EEB2-312B-8BD6-88D6FAE84A76}</UniqueIdentifier>
    </Filter>
    <Filter Include="Source Files">
      <UniqueIdentifier>{C41C896E-4D97-3EAE-A735-B573B61754CE}</UniqueIdentifier>
    </Filter>
  </ItemGroup>
</Project>
