<?xml version="1.0" encoding="utf-8"?>
<Project ToolsVersion="17.0" xmlns="http://schemas.microsoft.com/developer/msbuild/2003">
  <ItemGroup>
    <ClCompile Include="C:\work\qt\Studio\build_vs\irisgl\src\bullet3\src\Bullet3OpenCL\Bullet3OpenCL_clew_autogen\mocs_compilation_Debug.cpp">
      <Filter>Source Files</Filter>
    </ClCompile>
    <ClCompile Include="C:\work\qt\Studio\irisgl\src\bullet3\src\clew\clew.c">
      <Filter>Source Files</Filter>
    </ClCompile>
    <ClCompile Include="C:\work\qt\Studio\irisgl\src\bullet3\src\Bullet3OpenCL\BroadphaseCollision\b3GpuGridBroadphase.cpp">
      <Filter>Source Files</Filter>
    </ClCompile>
    <ClCompile Include="C:\work\qt\Studio\irisgl\src\bullet3\src\Bullet3OpenCL\BroadphaseCollision\b3GpuSapBroadphase.cpp">
      <Filter>Source Files</Filter>
    </ClCompile>
    <ClCompile Include="C:\work\qt\Studio\irisgl\src\bullet3\src\Bullet3OpenCL\BroadphaseCollision\b3GpuParallelLinearBvhBroadphase.cpp">
      <Filter>Source Files</Filter>
    </ClCompile>
    <ClCompile Include="C:\work\qt\Studio\irisgl\src\bullet3\src\Bullet3OpenCL\BroadphaseCollision\b3GpuParallelLinearBvh.cpp">
      <Filter>Source Files</Filter>
    </ClCompile>
    <ClCompile Include="C:\work\qt\Studio\irisgl\src\bullet3\src\Bullet3OpenCL\Initialize\b3OpenCLUtils.cpp">
      <Filter>Source Files</Filter>
    </ClCompile>
    <ClCompile Include="C:\work\qt\Studio\irisgl\src\bullet3\src\Bullet3OpenCL\NarrowphaseCollision\b3ContactCache.cpp">
      <Filter>Source Files</Filter>
    </ClCompile>
    <ClCompile Include="C:\work\qt\Studio\irisgl\src\bullet3\src\Bullet3OpenCL\NarrowphaseCollision\b3ConvexHullContact.cpp">
      <Filter>Source Files</Filter>
    </ClCompile>
    <ClCompile Include="C:\work\qt\Studio\irisgl\src\bullet3\src\Bullet3OpenCL\NarrowphaseCollision\b3GjkEpa.cpp">
      <Filter>Source Files</Filter>
    </ClCompile>
    <ClCompile Include="C:\work\qt\Studio\irisgl\src\bullet3\src\Bullet3OpenCL\NarrowphaseCollision\b3OptimizedBvh.cpp">
      <Filter>Source Files</Filter>
    </ClCompile>
    <ClCompile Include="C:\work\qt\Studio\irisgl\src\bullet3\src\Bullet3OpenCL\NarrowphaseCollision\b3QuantizedBvh.cpp">
      <Filter>Source Files</Filter>
    </ClCompile>
    <ClCompile Include="C:\work\qt\Studio\irisgl\src\bullet3\src\Bullet3OpenCL\NarrowphaseCollision\b3StridingMeshInterface.cpp">
      <Filter>Source Files</Filter>
    </ClCompile>
    <ClCompile Include="C:\work\qt\Studio\irisgl\src\bullet3\src\Bullet3OpenCL\NarrowphaseCollision\b3TriangleCallback.cpp">
      <Filter>Source Files</Filter>
    </ClCompile>
    <ClCompile Include="C:\work\qt\Studio\irisgl\src\bullet3\src\Bullet3OpenCL\NarrowphaseCollision\b3TriangleIndexVertexArray.cpp">
      <Filter>Source Files</Filter>
    </ClCompile>
    <ClCompile Include="C:\work\qt\Studio\irisgl\src\bullet3\src\Bullet3OpenCL\NarrowphaseCollision\b3VoronoiSimplexSolver.cpp">
      <Filter>Source Files</Filter>
    </ClCompile>
    <ClCompile Include="C:\work\qt\Studio\irisgl\src\bullet3\src\Bullet3OpenCL\ParallelPrimitives\b3BoundSearchCL.cpp">
      <Filter>Source Files</Filter>
    </ClCompile>
    <ClCompile Include="C:\work\qt\Studio\irisgl\src\bullet3\src\Bullet3OpenCL\ParallelPrimitives\b3FillCL.cpp">
      <Filter>Source Files</Filter>
    </ClCompile>
    <ClCompile Include="C:\work\qt\Studio\irisgl\src\bullet3\src\Bullet3OpenCL\ParallelPrimitives\b3LauncherCL.cpp">
      <Filter>Source Files</Filter>
    </ClCompile>
    <ClCompile Include="C:\work\qt\Studio\irisgl\src\bullet3\src\Bullet3OpenCL\ParallelPrimitives\b3PrefixScanCL.cpp">
      <Filter>Source Files</Filter>
    </ClCompile>
    <ClCompile Include="C:\work\qt\Studio\irisgl\src\bullet3\src\Bullet3OpenCL\ParallelPrimitives\b3PrefixScanFloat4CL.cpp">
      <Filter>Source Files</Filter>
    </ClCompile>
    <ClCompile Include="C:\work\qt\Studio\irisgl\src\bullet3\src\Bullet3OpenCL\ParallelPrimitives\b3RadixSort32CL.cpp">
      <Filter>Source Files</Filter>
    </ClCompile>
    <ClCompile Include="C:\work\qt\Studio\irisgl\src\bullet3\src\Bullet3OpenCL\Raycast\b3GpuRaycast.cpp">
      <Filter>Source Files</Filter>
    </ClCompile>
    <ClCompile Include="C:\work\qt\Studio\irisgl\src\bullet3\src\Bullet3OpenCL\RigidBody\b3GpuGenericConstraint.cpp">
      <Filter>Source Files</Filter>
    </ClCompile>
    <ClCompile Include="C:\work\qt\Studio\irisgl\src\bullet3\src\Bullet3OpenCL\RigidBody\b3GpuJacobiContactSolver.cpp">
      <Filter>Source Files</Filter>
    </ClCompile>
    <ClCompile Include="C:\work\qt\Studio\irisgl\src\bullet3\src\Bullet3OpenCL\RigidBody\b3GpuNarrowPhase.cpp">
      <Filter>Source Files</Filter>
    </ClCompile>
    <ClCompile Include="C:\work\qt\Studio\irisgl\src\bullet3\src\Bullet3OpenCL\RigidBody\b3GpuPgsConstraintSolver.cpp">
      <Filter>Source Files</Filter>
    </ClCompile>
    <ClCompile Include="C:\work\qt\Studio\irisgl\src\bullet3\src\Bullet3OpenCL\RigidBody\b3GpuPgsContactSolver.cpp">
      <Filter>Source Files</Filter>
    </ClCompile>
    <ClCompile Include="C:\work\qt\Studio\irisgl\src\bullet3\src\Bullet3OpenCL\RigidBody\b3GpuRigidBodyPipeline.cpp">
      <Filter>Source Files</Filter>
    </ClCompile>
    <ClCompile Include="C:\work\qt\Studio\irisgl\src\bullet3\src\Bullet3OpenCL\RigidBody\b3Solver.cpp">
      <Filter>Source Files</Filter>
    </ClCompile>
    <ClCompile Include="C:\work\qt\Studio\build_vs\irisgl\src\bullet3\src\Bullet3OpenCL\Bullet3OpenCL_clew_autogen\mocs_compilation_Release.cpp">
      <Filter>Source Files</Filter>
    </ClCompile>
    <ClCompile Include="C:\work\qt\Studio\build_vs\irisgl\src\bullet3\src\Bullet3OpenCL\Bullet3OpenCL_clew_autogen\mocs_compilation_MinSizeRel.cpp">
      <Filter>Source Files</Filter>
    </ClCompile>
    <ClCompile Include="C:\work\qt\Studio\build_vs\irisgl\src\bullet3\src\Bullet3OpenCL\Bullet3OpenCL_clew_autogen\mocs_compilation_RelWithDebInfo.cpp">
      <Filter>Source Files</Filter>
    </ClCompile>
  </ItemGroup>
  <ItemGroup>
    <CustomBuild Include="C:\work\qt\Studio\irisgl\src\bullet3\src\Bullet3OpenCL\CMakeLists.txt" />
  </ItemGroup>
  <ItemGroup>
    <Filter Include="Source Files">
      <UniqueIdentifier>{C41C896E-4D97-3EAE-A735-B573B61754CE}</UniqueIdentifier>
    </Filter>
  </ItemGroup>
</Project>
