
Microsoft Visual Studio Solution File, Format Version 12.00
# Visual Studio Version 17
Project("{2150E333-8FDC-42A3-9474-1A3956D46DE8}") = "CMakePredefinedTargets", "CMakePredefinedTargets", "{E6D8C6B6-7812-3394-82E7-F357AF8ED348}"
EndProject
Project("{2150E333-8FDC-42A3-9474-1A3956D46DE8}") = "Extras", "Extras", "{35ACEB63-3DCF-3460-82DE-5C4AE434210A}"
EndProject
Project("{8BC9CEB8-8B4A-11D0-8D11-00A0C91BC942}") = "ALL_BUILD", "ALL_BUILD.vcxproj", "{02EC0BC2-F176-3E38-8D9E-46A20C9DCDA0}"
	ProjectSection(ProjectDependencies) = postProject
		{3DCC27BC-CAF3-3567-AEA9-5D418DBACBBF} = {3DCC27BC-CAF3-3567-AEA9-5D418DBACBBF}
		{1D71D2F6-F345-362F-B7CF-59BF6D010E7F} = {1D71D2F6-F345-362F-B7CF-59BF6D010E7F}
	EndProjectSection
EndProject
Project("{8BC9CEB8-8B4A-11D0-8D11-00A0C91BC942}") = "INSTALL", "INSTALL.vcxproj", "{7FBB0E3D-5387-322F-A907-4CB1A94DC472}"
	ProjectSection(ProjectDependencies) = postProject
		{02EC0BC2-F176-3E38-8D9E-46A20C9DCDA0} = {02EC0BC2-F176-3E38-8D9E-46A20C9DCDA0}
		{3DCC27BC-CAF3-3567-AEA9-5D418DBACBBF} = {3DCC27BC-CAF3-3567-AEA9-5D418DBACBBF}
	EndProjectSection
EndProject
Project("{8BC9CEB8-8B4A-11D0-8D11-00A0C91BC942}") = "ZERO_CHECK", "..\..\\ZERO_CHECK.vcxproj", "{3DCC27BC-CAF3-3567-AEA9-5D418DBACBBF}"
	ProjectSection(ProjectDependencies) = postProject
	EndProjectSection
EndProject
Project("{8BC9CEB8-8B4A-11D0-8D11-00A0C91BC942}") = "breakpad", "..\..\thirdparty\breakpad\breakpad.vcxproj", "{8E9E317F-83E0-30EB-9FC4-AA0946843C5C}"
	ProjectSection(ProjectDependencies) = postProject
		{3DCC27BC-CAF3-3567-AEA9-5D418DBACBBF} = {3DCC27BC-CAF3-3567-AEA9-5D418DBACBBF}
	EndProjectSection
EndProject
Project("{8BC9CEB8-8B4A-11D0-8D11-00A0C91BC942}") = "crash_handler", "crash_handler.vcxproj", "{1D71D2F6-F345-362F-B7CF-59BF6D010E7F}"
	ProjectSection(ProjectDependencies) = postProject
		{3DCC27BC-CAF3-3567-AEA9-5D418DBACBBF} = {3DCC27BC-CAF3-3567-AEA9-5D418DBACBBF}
		{8E9E317F-83E0-30EB-9FC4-AA0946843C5C} = {8E9E317F-83E0-30EB-9FC4-AA0946843C5C}
	EndProjectSection
EndProject
Global
	GlobalSection(SolutionConfigurationPlatforms) = preSolution
		Debug|x64 = Debug|x64
		Release|x64 = Release|x64
		MinSizeRel|x64 = MinSizeRel|x64
		RelWithDebInfo|x64 = RelWithDebInfo|x64
	EndGlobalSection
	GlobalSection(ProjectConfigurationPlatforms) = postSolution
		{02EC0BC2-F176-3E38-8D9E-46A20C9DCDA0}.Debug|x64.ActiveCfg = Debug|x64
		{02EC0BC2-F176-3E38-8D9E-46A20C9DCDA0}.Debug|x64.Build.0 = Debug|x64
		{02EC0BC2-F176-3E38-8D9E-46A20C9DCDA0}.Release|x64.ActiveCfg = Release|x64
		{02EC0BC2-F176-3E38-8D9E-46A20C9DCDA0}.Release|x64.Build.0 = Release|x64
		{02EC0BC2-F176-3E38-8D9E-46A20C9DCDA0}.MinSizeRel|x64.ActiveCfg = MinSizeRel|x64
		{02EC0BC2-F176-3E38-8D9E-46A20C9DCDA0}.MinSizeRel|x64.Build.0 = MinSizeRel|x64
		{02EC0BC2-F176-3E38-8D9E-46A20C9DCDA0}.RelWithDebInfo|x64.ActiveCfg = RelWithDebInfo|x64
		{02EC0BC2-F176-3E38-8D9E-46A20C9DCDA0}.RelWithDebInfo|x64.Build.0 = RelWithDebInfo|x64
		{7FBB0E3D-5387-322F-A907-4CB1A94DC472}.Debug|x64.ActiveCfg = Debug|x64
		{7FBB0E3D-5387-322F-A907-4CB1A94DC472}.Release|x64.ActiveCfg = Release|x64
		{7FBB0E3D-5387-322F-A907-4CB1A94DC472}.MinSizeRel|x64.ActiveCfg = MinSizeRel|x64
		{7FBB0E3D-5387-322F-A907-4CB1A94DC472}.RelWithDebInfo|x64.ActiveCfg = RelWithDebInfo|x64
		{3DCC27BC-CAF3-3567-AEA9-5D418DBACBBF}.Debug|x64.ActiveCfg = Debug|x64
		{3DCC27BC-CAF3-3567-AEA9-5D418DBACBBF}.Debug|x64.Build.0 = Debug|x64
		{3DCC27BC-CAF3-3567-AEA9-5D418DBACBBF}.Release|x64.ActiveCfg = Release|x64
		{3DCC27BC-CAF3-3567-AEA9-5D418DBACBBF}.Release|x64.Build.0 = Release|x64
		{3DCC27BC-CAF3-3567-AEA9-5D418DBACBBF}.MinSizeRel|x64.ActiveCfg = MinSizeRel|x64
		{3DCC27BC-CAF3-3567-AEA9-5D418DBACBBF}.MinSizeRel|x64.Build.0 = MinSizeRel|x64
		{3DCC27BC-CAF3-3567-AEA9-5D418DBACBBF}.RelWithDebInfo|x64.ActiveCfg = RelWithDebInfo|x64
		{3DCC27BC-CAF3-3567-AEA9-5D418DBACBBF}.RelWithDebInfo|x64.Build.0 = RelWithDebInfo|x64
		{8E9E317F-83E0-30EB-9FC4-AA0946843C5C}.Debug|x64.ActiveCfg = Debug|x64
		{8E9E317F-83E0-30EB-9FC4-AA0946843C5C}.Debug|x64.Build.0 = Debug|x64
		{8E9E317F-83E0-30EB-9FC4-AA0946843C5C}.Release|x64.ActiveCfg = Release|x64
		{8E9E317F-83E0-30EB-9FC4-AA0946843C5C}.Release|x64.Build.0 = Release|x64
		{8E9E317F-83E0-30EB-9FC4-AA0946843C5C}.MinSizeRel|x64.ActiveCfg = MinSizeRel|x64
		{8E9E317F-83E0-30EB-9FC4-AA0946843C5C}.MinSizeRel|x64.Build.0 = MinSizeRel|x64
		{8E9E317F-83E0-30EB-9FC4-AA0946843C5C}.RelWithDebInfo|x64.ActiveCfg = RelWithDebInfo|x64
		{8E9E317F-83E0-30EB-9FC4-AA0946843C5C}.RelWithDebInfo|x64.Build.0 = RelWithDebInfo|x64
		{1D71D2F6-F345-362F-B7CF-59BF6D010E7F}.Debug|x64.ActiveCfg = Debug|x64
		{1D71D2F6-F345-362F-B7CF-59BF6D010E7F}.Debug|x64.Build.0 = Debug|x64
		{1D71D2F6-F345-362F-B7CF-59BF6D010E7F}.Release|x64.ActiveCfg = Release|x64
		{1D71D2F6-F345-362F-B7CF-59BF6D010E7F}.Release|x64.Build.0 = Release|x64
		{1D71D2F6-F345-362F-B7CF-59BF6D010E7F}.MinSizeRel|x64.ActiveCfg = MinSizeRel|x64
		{1D71D2F6-F345-362F-B7CF-59BF6D010E7F}.MinSizeRel|x64.Build.0 = MinSizeRel|x64
		{1D71D2F6-F345-362F-B7CF-59BF6D010E7F}.RelWithDebInfo|x64.ActiveCfg = RelWithDebInfo|x64
		{1D71D2F6-F345-362F-B7CF-59BF6D010E7F}.RelWithDebInfo|x64.Build.0 = RelWithDebInfo|x64
	EndGlobalSection
	GlobalSection(NestedProjects) = preSolution
		{02EC0BC2-F176-3E38-8D9E-46A20C9DCDA0} = {E6D8C6B6-7812-3394-82E7-F357AF8ED348}
		{7FBB0E3D-5387-322F-A907-4CB1A94DC472} = {E6D8C6B6-7812-3394-82E7-F357AF8ED348}
		{3DCC27BC-CAF3-3567-AEA9-5D418DBACBBF} = {E6D8C6B6-7812-3394-82E7-F357AF8ED348}
		{8E9E317F-83E0-30EB-9FC4-AA0946843C5C} = {35ACEB63-3DCF-3460-82DE-5C4AE434210A}
		{1D71D2F6-F345-362F-B7CF-59BF6D010E7F} = {35ACEB63-3DCF-3460-82DE-5C4AE434210A}
	EndGlobalSection
	GlobalSection(ExtensibilityGlobals) = postSolution
		SolutionGuid = {5937B7C9-C43D-3128-A98C-E06325B742CE}
	EndGlobalSection
	GlobalSection(ExtensibilityAddIns) = postSolution
	EndGlobalSection
EndGlobal
