<?xml version="1.0" encoding="utf-8"?>
<Project ToolsVersion="17.0" xmlns="http://schemas.microsoft.com/developer/msbuild/2003">
  <ItemGroup>
    <ClCompile Include="C:\work\qt\Studio\build_vs\Jahshaka_autogen\mocs_compilation_Debug.cpp">
      <Filter>Source Files</Filter>
    </ClCompile>
    <ClCompile Include="C:\work\qt\Studio\src\main.cpp">
      <Filter>Source Files</Filter>
    </ClCompile>
    <ClCompile Include="C:\work\qt\Studio\src\mainwindow.cpp">
      <Filter>Source Files</Filter>
    </ClCompile>
    <ClCompile Include="C:\work\qt\Studio\src\widgets\colorvaluewidget.cpp">
      <Filter>Source Files</Filter>
    </ClCompile>
    <ClCompile Include="C:\work\qt\Studio\src\widgets\colorpickerwidget.cpp">
      <Filter>Source Files</Filter>
    </ClCompile>
    <ClCompile Include="C:\work\qt\Studio\src\dialogs\preferencesdialog.cpp">
      <Filter>Source Files</Filter>
    </ClCompile>
    <ClCompile Include="C:\work\qt\Studio\src\dialogs\aboutdialog.cpp">
      <Filter>Source Files</Filter>
    </ClCompile>
    <ClCompile Include="C:\work\qt\Studio\src\dialogs\preferences\worldsettings.cpp">
      <Filter>Source Files</Filter>
    </ClCompile>
    <ClCompile Include="C:\work\qt\Studio\src\dialogs\preferences\worldsettingswidget.cpp">
      <Filter>Source Files</Filter>
    </ClCompile>
    <ClCompile Include="C:\work\qt\Studio\src\dialogs\customdialog.cpp">
      <Filter>Source Files</Filter>
    </ClCompile>
    <ClCompile Include="C:\work\qt\Studio\src\dialogs\custompopup.cpp">
      <Filter>Source Files</Filter>
    </ClCompile>
    <ClCompile Include="C:\work\qt\Studio\src\dialogs\loadmeshdialog.cpp">
      <Filter>Source Files</Filter>
    </ClCompile>
    <ClCompile Include="C:\work\qt\Studio\src\widgets\animationwidget.cpp">
      <Filter>Source Files</Filter>
    </ClCompile>
    <ClCompile Include="C:\work\qt\Studio\src\widgets\keyframelabelwidget.cpp">
      <Filter>Source Files</Filter>
    </ClCompile>
    <ClCompile Include="C:\work\qt\Studio\src\widgets\keyframewidget.cpp">
      <Filter>Source Files</Filter>
    </ClCompile>
    <ClCompile Include="C:\work\qt\Studio\src\widgets\maintimelinewidget.cpp">
      <Filter>Source Files</Filter>
    </ClCompile>
    <ClCompile Include="C:\work\qt\Studio\src\widgets\timelinewidget.cpp">
      <Filter>Source Files</Filter>
    </ClCompile>
    <ClCompile Include="C:\work\qt\Studio\src\core\nodekeyframeanimation.cpp">
      <Filter>Source Files</Filter>
    </ClCompile>
    <ClCompile Include="C:\work\qt\Studio\src\core\project.cpp">
      <Filter>Source Files</Filter>
    </ClCompile>
    <ClCompile Include="C:\work\qt\Studio\src\core\settingsmanager.cpp">
      <Filter>Source Files</Filter>
    </ClCompile>
    <ClCompile Include="C:\work\qt\Studio\src\core\surfaceview.cpp">
      <Filter>Source Files</Filter>
    </ClCompile>
    <ClCompile Include="C:\work\qt\Studio\src\editor\editorcameracontroller.cpp">
      <Filter>Source Files</Filter>
    </ClCompile>
    <ClCompile Include="C:\work\qt\Studio\src\dialogs\infodialog.cpp">
      <Filter>Source Files</Filter>
    </ClCompile>
    <ClCompile Include="C:\work\qt\Studio\src\globals.cpp">
      <Filter>Source Files</Filter>
    </ClCompile>
    <ClCompile Include="C:\work\qt\Studio\src\widgets\sceneviewwidget.cpp">
      <Filter>Source Files</Filter>
    </ClCompile>
    <ClCompile Include="C:\work\qt\Studio\src\widgets\assetfavorites.cpp">
      <Filter>Source Files</Filter>
    </ClCompile>
    <ClCompile Include="C:\work\qt\Studio\src\widgets\assetmodelpanel.cpp">
      <Filter>Source Files</Filter>
    </ClCompile>
    <ClCompile Include="C:\work\qt\Studio\src\widgets\assetmaterialpanel.cpp">
      <Filter>Source Files</Filter>
    </ClCompile>
    <ClCompile Include="C:\work\qt\Studio\src\widgets\accordianbladewidget.cpp">
      <Filter>Source Files</Filter>
    </ClCompile>
    <ClCompile Include="C:\work\qt\Studio\src\widgets\transformeditor.cpp">
      <Filter>Source Files</Filter>
    </ClCompile>
    <ClCompile Include="C:\work\qt\Studio\src\widgets\scenehierarchywidget.cpp">
      <Filter>Source Files</Filter>
    </ClCompile>
    <ClCompile Include="C:\work\qt\Studio\src\editor\cameracontrollerbase.cpp">
      <Filter>Source Files</Filter>
    </ClCompile>
    <ClCompile Include="C:\work\qt\Studio\src\editor\gizmo.cpp">
      <Filter>Source Files</Filter>
    </ClCompile>
    <ClCompile Include="C:\work\qt\Studio\src\editor\translationgizmo.cpp">
      <Filter>Source Files</Filter>
    </ClCompile>
    <ClCompile Include="C:\work\qt\Studio\src\editor\scalegizmo.cpp">
      <Filter>Source Files</Filter>
    </ClCompile>
    <ClCompile Include="C:\work\qt\Studio\src\editor\rotationgizmo.cpp">
      <Filter>Source Files</Filter>
    </ClCompile>
    <ClCompile Include="C:\work\qt\Studio\src\widgets\skypresets.cpp">
      <Filter>Source Files</Filter>
    </ClCompile>
    <ClCompile Include="C:\work\qt\Studio\src\editor\orbitalcameracontroller.cpp">
      <Filter>Source Files</Filter>
    </ClCompile>
    <ClCompile Include="C:\work\qt\Studio\src\widgets\scenenodepropertieswidget.cpp">
      <Filter>Source Files</Filter>
    </ClCompile>
    <ClCompile Include="C:\work\qt\Studio\src\widgets\propertywidgets\lightpropertywidget.cpp">
      <Filter>Source Files</Filter>
    </ClCompile>
    <ClCompile Include="C:\work\qt\Studio\src\widgets\propertywidgets\materialpropertywidget.cpp">
      <Filter>Source Files</Filter>
    </ClCompile>
    <ClCompile Include="C:\work\qt\Studio\src\widgets\propertywidgets\skypropertywidget.cpp">
      <Filter>Source Files</Filter>
    </ClCompile>
    <ClCompile Include="C:\work\qt\Studio\src\widgets\propertywidgets\worldskypropertywidget.cpp">
      <Filter>Source Files</Filter>
    </ClCompile>
    <ClCompile Include="C:\work\qt\Studio\src\widgets\propertywidgets\worldpropertywidget.cpp">
      <Filter>Source Files</Filter>
    </ClCompile>
    <ClCompile Include="C:\work\qt\Studio\src\widgets\propertywidgets\physicspropertywidget.cpp">
      <Filter>Source Files</Filter>
    </ClCompile>
    <ClCompile Include="C:\work\qt\Studio\src\widgets\propertywidgets\cubemapwidget.cpp">
      <Filter>Source Files</Filter>
    </ClCompile>
    <ClCompile Include="C:\work\qt\Studio\src\io\scenewriter.cpp">
      <Filter>Source Files</Filter>
    </ClCompile>
    <ClCompile Include="C:\work\qt\Studio\src\core\thumbnailmanager.cpp">
      <Filter>Source Files</Filter>
    </ClCompile>
    <ClCompile Include="C:\work\qt\Studio\src\widgets\propertywidgets\fogpropertywidget.cpp">
      <Filter>Source Files</Filter>
    </ClCompile>
    <ClCompile Include="C:\work\qt\Studio\src\io\assetiobase.cpp">
      <Filter>Source Files</Filter>
    </ClCompile>
    <ClCompile Include="C:\work\qt\Studio\src\io\materialpresetreader.cpp">
      <Filter>Source Files</Filter>
    </ClCompile>
    <ClCompile Include="C:\work\qt\Studio\src\widgets\keyframelabeltreewidget.cpp">
      <Filter>Source Files</Filter>
    </ClCompile>
    <ClCompile Include="C:\work\qt\Studio\src\core\keyboardstate.cpp">
      <Filter>Source Files</Filter>
    </ClCompile>
    <ClCompile Include="C:\work\qt\Studio\src\io\scenereader.cpp">
      <Filter>Source Files</Filter>
    </ClCompile>
    <ClCompile Include="C:\work\qt\Studio\src\widgets\propertywidgets\emitterpropertywidget.cpp">
      <Filter>Source Files</Filter>
    </ClCompile>
    <ClCompile Include="C:\work\qt\Studio\src\widgets\propertywidgets\nodepropertywidget.cpp">
      <Filter>Source Files</Filter>
    </ClCompile>
    <ClCompile Include="C:\work\qt\Studio\src\editor\editorvrcontroller.cpp">
      <Filter>Source Files</Filter>
    </ClCompile>
    <ClCompile Include="C:\work\qt\Studio\src\widgets\propertywidgets\demopane.cpp">
      <Filter>Source Files</Filter>
    </ClCompile>
    <ClCompile Include="C:\work\qt\Studio\src\widgets\labelwidget.cpp">
      <Filter>Source Files</Filter>
    </ClCompile>
    <ClCompile Include="C:\work\qt\Studio\src\widgets\checkboxwidget.cpp">
      <Filter>Source Files</Filter>
    </ClCompile>
    <ClCompile Include="C:\work\qt\Studio\src\widgets\textinputwidget.cpp">
      <Filter>Source Files</Filter>
    </ClCompile>
    <ClCompile Include="C:\work\qt\Studio\src\widgets\comboboxwidget.cpp">
      <Filter>Source Files</Filter>
    </ClCompile>
    <ClCompile Include="C:\work\qt\Studio\src\widgets\hfloatsliderwidget.cpp">
      <Filter>Source Files</Filter>
    </ClCompile>
    <ClCompile Include="C:\work\qt\Studio\src\widgets\texturepickerwidget.cpp">
      <Filter>Source Files</Filter>
    </ClCompile>
    <ClCompile Include="C:\work\qt\Studio\src\io\materialreader.cpp">
      <Filter>Source Files</Filter>
    </ClCompile>
    <ClCompile Include="C:\work\qt\Studio\src\widgets\filepickerwidget.cpp">
      <Filter>Source Files</Filter>
    </ClCompile>
    <ClCompile Include="C:\work\qt\Studio\src\widgets\propertywidgets\meshpropertywidget.cpp">
      <Filter>Source Files</Filter>
    </ClCompile>
    <ClCompile Include="C:\work\qt\Studio\src\widgets\propertywidgets\shaderpropertywidget.cpp">
      <Filter>Source Files</Filter>
    </ClCompile>
    <ClCompile Include="C:\work\qt\Studio\src\widgets\propertywidgets\handpropertywidget.cpp">
      <Filter>Source Files</Filter>
    </ClCompile>
    <ClCompile Include="C:\work\qt\Studio\src\widgets\propertywidget.cpp">
      <Filter>Source Files</Filter>
    </ClCompile>
    <ClCompile Include="C:\work\qt\Studio\src\widgets\propertywidgets\postprocesspropertywidget.cpp">
      <Filter>Source Files</Filter>
    </ClCompile>
    <ClCompile Include="C:\work\qt\Studio\src\widgets\propertywidgets\scenepropertywidget.cpp">
      <Filter>Source Files</Filter>
    </ClCompile>
    <ClCompile Include="C:\work\qt\Studio\src\widgets\postprocesseswidget.cpp">
      <Filter>Source Files</Filter>
    </ClCompile>
    <ClCompile Include="C:\work\qt\Studio\src\dialogs\newprojectdialog.cpp">
      <Filter>Source Files</Filter>
    </ClCompile>
    <ClCompile Include="C:\work\qt\Studio\src\widgets\assetwidget.cpp">
      <Filter>Source Files</Filter>
    </ClCompile>
    <ClCompile Include="C:\work\qt\Studio\src\io\assetmanager.cpp">
      <Filter>Source Files</Filter>
    </ClCompile>
    <ClCompile Include="C:\work\qt\Studio\src\widgets\assetpickerwidget.cpp">
      <Filter>Source Files</Filter>
    </ClCompile>
    <ClCompile Include="C:\work\qt\Studio\src\widgets\keyframelabel.cpp">
      <Filter>Source Files</Filter>
    </ClCompile>
    <ClCompile Include="C:\work\qt\Studio\src\uimanager.cpp">
      <Filter>Source Files</Filter>
    </ClCompile>
    <ClCompile Include="C:\work\qt\Studio\src\widgets\keyframecurvewidget.cpp">
      <Filter>Source Files</Filter>
    </ClCompile>
    <ClCompile Include="C:\work\qt\Studio\src\dialogs\getnamedialog.cpp">
      <Filter>Source Files</Filter>
    </ClCompile>
    <ClCompile Include="C:\work\qt\Studio\src\widgets\createanimationwidget.cpp">
      <Filter>Source Files</Filter>
    </ClCompile>
    <ClCompile Include="C:\work\qt\Studio\src\core\database\database.cpp">
      <Filter>Source Files</Filter>
    </ClCompile>
    <ClCompile Include="C:\work\qt\Studio\src\core\database\projectdatabase.cpp">
      <Filter>Source Files</Filter>
    </ClCompile>
    <ClCompile Include="C:\work\qt\Studio\src\core\guidmanager.cpp">
      <Filter>Source Files</Filter>
    </ClCompile>
    <ClCompile Include="C:\work\qt\Studio\src\commands\transfrormscenenodecommand.cpp">
      <Filter>Source Files</Filter>
    </ClCompile>
    <ClCompile Include="C:\work\qt\Studio\src\commands\changematerialpropertycommand.cpp">
      <Filter>Source Files</Filter>
    </ClCompile>
    <ClCompile Include="C:\work\qt\Studio\src\commands\addscenenodecommand.cpp">
      <Filter>Source Files</Filter>
    </ClCompile>
    <ClCompile Include="C:\work\qt\Studio\src\commands\deletescenenodecommand.cpp">
      <Filter>Source Files</Filter>
    </ClCompile>
    <ClCompile Include="C:\work\qt\Studio\src\dialogs\progressdialog.cpp">
      <Filter>Source Files</Filter>
    </ClCompile>
    <ClCompile Include="C:\work\qt\Studio\src\widgets\screenshotwidget.cpp">
      <Filter>Source Files</Filter>
    </ClCompile>
    <ClCompile Include="C:\work\qt\Studio\src\widgets\projectmanager.cpp">
      <Filter>Source Files</Filter>
    </ClCompile>
    <ClCompile Include="C:\work\qt\Studio\src\widgets\dynamicgrid.cpp">
      <Filter>Source Files</Filter>
    </ClCompile>
    <ClCompile Include="C:\work\qt\Studio\src\widgets\itemgridwidget.cpp">
      <Filter>Source Files</Filter>
    </ClCompile>
    <ClCompile Include="C:\work\qt\Studio\src\dialogs\renameprojectdialog.cpp">
      <Filter>Source Files</Filter>
    </ClCompile>
    <ClCompile Include="C:\work\qt\Studio\src\editor\thumbnailgenerator.cpp">
      <Filter>Source Files</Filter>
    </ClCompile>
    <ClCompile Include="C:\work\qt\Studio\src\widgets\mainwindowviewport.cpp">
      <Filter>Source Files</Filter>
    </ClCompile>
    <ClCompile Include="C:\work\qt\Studio\src\editor\viewercontroller.cpp">
      <Filter>Source Files</Filter>
    </ClCompile>
    <ClCompile Include="C:\work\qt\Studio\src\dialogs\donatedialog.cpp">
      <Filter>Source Files</Filter>
    </ClCompile>
    <ClCompile Include="C:\work\qt\Studio\src\widgets\assetview.cpp">
      <Filter>Source Files</Filter>
    </ClCompile>
    <ClCompile Include="C:\work\qt\Studio\src\widgets\assetviewer.cpp">
      <Filter>Source Files</Filter>
    </ClCompile>
    <ClCompile Include="C:\work\qt\Studio\src\widgets\assetviewgrid.cpp">
      <Filter>Source Files</Filter>
    </ClCompile>
    <ClCompile Include="C:\work\qt\Studio\src\widgets\assetgriditem.cpp">
      <Filter>Source Files</Filter>
    </ClCompile>
    <ClCompile Include="C:\work\qt\Studio\src\editor\outlinerenderer.cpp">
      <Filter>Source Files</Filter>
    </ClCompile>
    <ClCompile Include="C:\work\qt\Studio\src\editor\viewermaterial.cpp">
      <Filter>Source Files</Filter>
    </ClCompile>
    <ClCompile Include="C:\work\qt\Studio\src\editor\animationpath.cpp">
      <Filter>Source Files</Filter>
    </ClCompile>
    <ClCompile Include="C:\work\qt\Studio\src\constants.cpp">
      <Filter>Source Files</Filter>
    </ClCompile>
    <ClCompile Include="C:\work\qt\Studio\src\misc\updatechecker.cpp">
      <Filter>Source Files</Filter>
    </ClCompile>
    <ClCompile Include="C:\work\qt\Studio\src\dialogs\softwareupdatedialog.cpp">
      <Filter>Source Files</Filter>
    </ClCompile>
    <ClCompile Include="C:\work\qt\Studio\src\core\assethelper.cpp">
      <Filter>Source Files</Filter>
    </ClCompile>
    <ClCompile Include="C:\work\qt\Studio\src\core\subscriber.cpp">
      <Filter>Source Files</Filter>
    </ClCompile>
    <ClCompile Include="C:\work\qt\Studio\src\core\scenenodehelper.cpp">
      <Filter>Source Files</Filter>
    </ClCompile>
    <ClCompile Include="C:\work\qt\Studio\src\misc\upgrader.cpp">
      <Filter>Source Files</Filter>
    </ClCompile>
    <ClCompile Include="C:\work\qt\Studio\src\misc\QtAwesome.cpp">
      <Filter>Source Files</Filter>
    </ClCompile>
    <ClCompile Include="C:\work\qt\Studio\src\misc\QtAwesomeAnim.cpp">
      <Filter>Source Files</Filter>
    </ClCompile>
    <ClCompile Include="C:\work\qt\Studio\src\misc\stylesheet.cpp">
      <Filter>Source Files</Filter>
    </ClCompile>
    <ClCompile Include="C:\work\qt\Studio\src\widgets\colorview.cpp">
      <Filter>Source Files</Filter>
    </ClCompile>
    <ClCompile Include="C:\work\qt\Studio\src\dialogs\toast.cpp">
      <Filter>Source Files</Filter>
    </ClCompile>
    <ClCompile Include="C:\work\qt\Studio\src\helpers\tooltip.cpp">
      <Filter>Source Files</Filter>
    </ClCompile>
    <ClCompile Include="C:\work\qt\Studio\src\helpers\dialoghelper.cpp">
      <Filter>Source Files</Filter>
    </ClCompile>
    <ClCompile Include="C:\work\qt\Studio\src\subclass\switch.cpp">
      <Filter>Source Files</Filter>
    </ClCompile>
    <ClCompile Include="C:\work\qt\Studio\src\editor\handgizmo.cpp">
      <Filter>Source Files</Filter>
    </ClCompile>
    <ClCompile Include="C:\work\qt\Studio\src\player\playerwidget.cpp">
      <Filter>Source Files</Filter>
    </ClCompile>
    <ClCompile Include="C:\work\qt\Studio\src\player\playerview.cpp">
      <Filter>Source Files</Filter>
    </ClCompile>
    <ClCompile Include="C:\work\qt\Studio\src\player\playervrcontroller.cpp">
      <Filter>Source Files</Filter>
    </ClCompile>
    <ClCompile Include="C:\work\qt\Studio\src\player\playermousecontroller.cpp">
      <Filter>Source Files</Filter>
    </ClCompile>
    <ClCompile Include="C:\work\qt\Studio\src\player\hand.cpp">
      <Filter>Source Files</Filter>
    </ClCompile>
    <ClCompile Include="C:\work\qt\Studio\src\player\playback.cpp">
      <Filter>Source Files</Filter>
    </ClCompile>
    <ClCompile Include="C:\work\qt\Studio\src\shadergraph\core\materialhelper.cpp">
      <Filter>Source Files</Filter>
    </ClCompile>
    <ClCompile Include="C:\work\qt\Studio\src\shadergraph\core\materialwriter.cpp">
      <Filter>Source Files</Filter>
    </ClCompile>
    <ClCompile Include="C:\work\qt\Studio\src\shadergraph\core\texturemanager.cpp">
      <Filter>Source Files</Filter>
    </ClCompile>
    <ClCompile Include="C:\work\qt\Studio\src\shadergraph\core\undoredo.cpp">
      <Filter>Source Files</Filter>
    </ClCompile>
    <ClCompile Include="C:\work\qt\Studio\src\shadergraph\core\sockethelper.cpp">
      <Filter>Source Files</Filter>
    </ClCompile>
    <ClCompile Include="C:\work\qt\Studio\src\shadergraph\dialogs\createnewdialog.cpp">
      <Filter>Source Files</Filter>
    </ClCompile>
    <ClCompile Include="C:\work\qt\Studio\src\shadergraph\dialogs\searchdialog.cpp">
      <Filter>Source Files</Filter>
    </ClCompile>
    <ClCompile Include="C:\work\qt\Studio\src\shadergraph\generator\shadercontext.cpp">
      <Filter>Source Files</Filter>
    </ClCompile>
    <ClCompile Include="C:\work\qt\Studio\src\shadergraph\generator\shadergenerator.cpp">
      <Filter>Source Files</Filter>
    </ClCompile>
    <ClCompile Include="C:\work\qt\Studio\src\shadergraph\graph\graphnode.cpp">
      <Filter>Source Files</Filter>
    </ClCompile>
    <ClCompile Include="C:\work\qt\Studio\src\shadergraph\graph\graphnodescene.cpp">
      <Filter>Source Files</Filter>
    </ClCompile>
    <ClCompile Include="C:\work\qt\Studio\src\shadergraph\graph\nodegraph.cpp">
      <Filter>Source Files</Filter>
    </ClCompile>
    <ClCompile Include="C:\work\qt\Studio\src\shadergraph\graph\socket.cpp">
      <Filter>Source Files</Filter>
    </ClCompile>
    <ClCompile Include="C:\work\qt\Studio\src\shadergraph\graph\socketconnection.cpp">
      <Filter>Source Files</Filter>
    </ClCompile>
    <ClCompile Include="C:\work\qt\Studio\src\shadergraph\models\connectionmodel.cpp">
      <Filter>Source Files</Filter>
    </ClCompile>
    <ClCompile Include="C:\work\qt\Studio\src\shadergraph\models\library.cpp">
      <Filter>Source Files</Filter>
    </ClCompile>
    <ClCompile Include="C:\work\qt\Studio\src\shadergraph\models\libraryv1.cpp">
      <Filter>Source Files</Filter>
    </ClCompile>
    <ClCompile Include="C:\work\qt\Studio\src\shadergraph\models\nodemodel.cpp">
      <Filter>Source Files</Filter>
    </ClCompile>
    <ClCompile Include="C:\work\qt\Studio\src\shadergraph\models\properties.cpp">
      <Filter>Source Files</Filter>
    </ClCompile>
    <ClCompile Include="C:\work\qt\Studio\src\shadergraph\models\socketmodel.cpp">
      <Filter>Source Files</Filter>
    </ClCompile>
    <ClCompile Include="C:\work\qt\Studio\src\shadergraph\nodes\inputs.cpp">
      <Filter>Source Files</Filter>
    </ClCompile>
    <ClCompile Include="C:\work\qt\Studio\src\shadergraph\nodes\math.cpp">
      <Filter>Source Files</Filter>
    </ClCompile>
    <ClCompile Include="C:\work\qt\Studio\src\shadergraph\nodes\object.cpp">
      <Filter>Source Files</Filter>
    </ClCompile>
    <ClCompile Include="C:\work\qt\Studio\src\shadergraph\nodes\test.cpp">
      <Filter>Source Files</Filter>
    </ClCompile>
    <ClCompile Include="C:\work\qt\Studio\src\shadergraph\nodes\texture.cpp">
      <Filter>Source Files</Filter>
    </ClCompile>
    <ClCompile Include="C:\work\qt\Studio\src\shadergraph\nodes\utils.cpp">
      <Filter>Source Files</Filter>
    </ClCompile>
    <ClCompile Include="C:\work\qt\Studio\src\shadergraph\nodes\vector.cpp">
      <Filter>Source Files</Filter>
    </ClCompile>
    <ClCompile Include="C:\work\qt\Studio\src\shadergraph\nodes\view.cpp">
      <Filter>Source Files</Filter>
    </ClCompile>
    <ClCompile Include="C:\work\qt\Studio\src\shadergraph\propertywidgets\floatpropertywidget.cpp">
      <Filter>Source Files</Filter>
    </ClCompile>
    <ClCompile Include="C:\work\qt\Studio\src\shadergraph\propertywidgets\vectorpropertywidget.cpp">
      <Filter>Source Files</Filter>
    </ClCompile>
    <ClCompile Include="C:\work\qt\Studio\src\shadergraph\propertywidgets\intpropertywidget.cpp">
      <Filter>Source Files</Filter>
    </ClCompile>
    <ClCompile Include="C:\work\qt\Studio\src\shadergraph\propertywidgets\texturepropertywidget.cpp">
      <Filter>Source Files</Filter>
    </ClCompile>
    <ClCompile Include="C:\work\qt\Studio\src\shadergraph\propertywidgets\basepropertywidget.cpp">
      <Filter>Source Files</Filter>
    </ClCompile>
    <ClCompile Include="C:\work\qt\Studio\src\shadergraph\propertywidgets\propertywidgetbase.cpp">
      <Filter>Source Files</Filter>
    </ClCompile>
    <ClCompile Include="C:\work\qt\Studio\src\shadergraph\widgets\graphicsview.cpp">
      <Filter>Source Files</Filter>
    </ClCompile>
    <ClCompile Include="C:\work\qt\Studio\src\shadergraph\widgets\listwidget.cpp">
      <Filter>Source Files</Filter>
    </ClCompile>
    <ClCompile Include="C:\work\qt\Studio\src\shadergraph\widgets\materialsettingswidget.cpp">
      <Filter>Source Files</Filter>
    </ClCompile>
    <ClCompile Include="C:\work\qt\Studio\src\shadergraph\widgets\propertylistwidget.cpp">
      <Filter>Source Files</Filter>
    </ClCompile>
    <ClCompile Include="C:\work\qt\Studio\src\shadergraph\widgets\scenewidget.cpp">
      <Filter>Source Files</Filter>
    </ClCompile>
    <ClCompile Include="C:\work\qt\Studio\src\shadergraph\widgets\shaderlistwidget.cpp">
      <Filter>Source Files</Filter>
    </ClCompile>
    <ClCompile Include="C:\work\qt\Studio\src\shadergraph\widgets\shaderassetwidget.cpp">
      <Filter>Source Files</Filter>
    </ClCompile>
    <ClCompile Include="C:\work\qt\Studio\src\shadergraph\widgets\treewidget.cpp">
      <Filter>Source Files</Filter>
    </ClCompile>
    <ClCompile Include="C:\work\qt\Studio\src\shadergraph\assets.cpp">
      <Filter>Source Files</Filter>
    </ClCompile>
    <ClCompile Include="C:\work\qt\Studio\src\shadergraph\shadergraph.cpp">
      <Filter>Source Files</Filter>
    </ClCompile>
    <ClCompile Include="C:\work\qt\Studio\src\shadergraph\shadergraphmainwindow.cpp">
      <Filter>Source Files</Filter>
    </ClCompile>
    <ClCompile Include="C:\work\qt\Studio\src\widgets\versionsplashscreen.cpp">
      <Filter>Source Files</Filter>
    </ClCompile>
    <ClCompile Include="C:\work\qt\Studio\src\player\vtkplayerinteractorstyle.cpp">
      <Filter>Source Files</Filter>
    </ClCompile>
    <ClCompile Include="C:\work\qt\Studio\src\player\vtkplaybackmanager.cpp">
      <Filter>Source Files</Filter>
    </ClCompile>
    <ClCompile Include="C:\work\qt\Studio\src\io\newjsonadapter.cpp">
      <Filter>Source Files</Filter>
    </ClCompile>
    <ClCompile Include="C:\work\qt\Studio\build_vs\Jahshaka_autogen\VJIZ3MDCXP_Debug\qrc_fonts.cpp">
      <Filter>Source Files</Filter>
    </ClCompile>
    <ClCompile Include="C:\work\qt\Studio\build_vs\Jahshaka_autogen\VJIZ3MDCXP_Debug\qrc_icons.cpp">
      <Filter>Source Files</Filter>
    </ClCompile>
    <ClCompile Include="C:\work\qt\Studio\build_vs\Jahshaka_autogen\VJIZ3MDCXP_Debug\qrc_images.cpp">
      <Filter>Source Files</Filter>
    </ClCompile>
    <ClCompile Include="C:\work\qt\Studio\build_vs\Jahshaka_autogen\VJIZ3MDCXP_Debug\qrc_models.cpp">
      <Filter>Source Files</Filter>
    </ClCompile>
    <ClCompile Include="C:\work\qt\Studio\build_vs\Jahshaka_autogen\VJIZ3MDCXP_Debug\qrc_shaders.cpp">
      <Filter>Source Files</Filter>
    </ClCompile>
    <ClCompile Include="C:\work\qt\Studio\build_vs\Jahshaka_autogen\mocs_compilation_Release.cpp">
      <Filter>Source Files</Filter>
    </ClCompile>
    <ClCompile Include="C:\work\qt\Studio\build_vs\Jahshaka_autogen\VJIZ3MDCXP_Release\qrc_fonts.cpp">
      <Filter>Source Files</Filter>
    </ClCompile>
    <ClCompile Include="C:\work\qt\Studio\build_vs\Jahshaka_autogen\VJIZ3MDCXP_Release\qrc_icons.cpp">
      <Filter>Source Files</Filter>
    </ClCompile>
    <ClCompile Include="C:\work\qt\Studio\build_vs\Jahshaka_autogen\VJIZ3MDCXP_Release\qrc_images.cpp">
      <Filter>Source Files</Filter>
    </ClCompile>
    <ClCompile Include="C:\work\qt\Studio\build_vs\Jahshaka_autogen\VJIZ3MDCXP_Release\qrc_models.cpp">
      <Filter>Source Files</Filter>
    </ClCompile>
    <ClCompile Include="C:\work\qt\Studio\build_vs\Jahshaka_autogen\VJIZ3MDCXP_Release\qrc_shaders.cpp">
      <Filter>Source Files</Filter>
    </ClCompile>
    <ClCompile Include="C:\work\qt\Studio\build_vs\Jahshaka_autogen\mocs_compilation_MinSizeRel.cpp">
      <Filter>Source Files</Filter>
    </ClCompile>
    <ClCompile Include="C:\work\qt\Studio\build_vs\Jahshaka_autogen\VJIZ3MDCXP_MinSizeRel\qrc_fonts.cpp">
      <Filter>Source Files</Filter>
    </ClCompile>
    <ClCompile Include="C:\work\qt\Studio\build_vs\Jahshaka_autogen\VJIZ3MDCXP_MinSizeRel\qrc_icons.cpp">
      <Filter>Source Files</Filter>
    </ClCompile>
    <ClCompile Include="C:\work\qt\Studio\build_vs\Jahshaka_autogen\VJIZ3MDCXP_MinSizeRel\qrc_images.cpp">
      <Filter>Source Files</Filter>
    </ClCompile>
    <ClCompile Include="C:\work\qt\Studio\build_vs\Jahshaka_autogen\VJIZ3MDCXP_MinSizeRel\qrc_models.cpp">
      <Filter>Source Files</Filter>
    </ClCompile>
    <ClCompile Include="C:\work\qt\Studio\build_vs\Jahshaka_autogen\VJIZ3MDCXP_MinSizeRel\qrc_shaders.cpp">
      <Filter>Source Files</Filter>
    </ClCompile>
    <ClCompile Include="C:\work\qt\Studio\build_vs\Jahshaka_autogen\mocs_compilation_RelWithDebInfo.cpp">
      <Filter>Source Files</Filter>
    </ClCompile>
    <ClCompile Include="C:\work\qt\Studio\build_vs\Jahshaka_autogen\VJIZ3MDCXP_RelWithDebInfo\qrc_fonts.cpp">
      <Filter>Source Files</Filter>
    </ClCompile>
    <ClCompile Include="C:\work\qt\Studio\build_vs\Jahshaka_autogen\VJIZ3MDCXP_RelWithDebInfo\qrc_icons.cpp">
      <Filter>Source Files</Filter>
    </ClCompile>
    <ClCompile Include="C:\work\qt\Studio\build_vs\Jahshaka_autogen\VJIZ3MDCXP_RelWithDebInfo\qrc_images.cpp">
      <Filter>Source Files</Filter>
    </ClCompile>
    <ClCompile Include="C:\work\qt\Studio\build_vs\Jahshaka_autogen\VJIZ3MDCXP_RelWithDebInfo\qrc_models.cpp">
      <Filter>Source Files</Filter>
    </ClCompile>
    <ClCompile Include="C:\work\qt\Studio\build_vs\Jahshaka_autogen\VJIZ3MDCXP_RelWithDebInfo\qrc_shaders.cpp">
      <Filter>Source Files</Filter>
    </ClCompile>
  </ItemGroup>
  <ItemGroup>
    <ClInclude Include="C:\work\qt\Studio\src\mainwindow.h">
      <Filter>Header Files</Filter>
    </ClInclude>
    <ClInclude Include="C:\work\qt\Studio\src\widgets\colorvaluewidget.h">
      <Filter>Header Files</Filter>
    </ClInclude>
    <ClInclude Include="C:\work\qt\Studio\src\widgets\colorpickerwidget.h">
      <Filter>Header Files</Filter>
    </ClInclude>
    <ClInclude Include="C:\work\qt\Studio\src\helpers\settingshelper.h">
      <Filter>Header Files</Filter>
    </ClInclude>
    <ClInclude Include="C:\work\qt\Studio\src\dialogs\preferencesdialog.h">
      <Filter>Header Files</Filter>
    </ClInclude>
    <ClInclude Include="C:\work\qt\Studio\src\dialogs\aboutdialog.h">
      <Filter>Header Files</Filter>
    </ClInclude>
    <ClInclude Include="C:\work\qt\Studio\src\dialogs\preferences\worldsettings.h">
      <Filter>Header Files</Filter>
    </ClInclude>
    <ClInclude Include="C:\work\qt\Studio\src\dialogs\preferences\worldsettingswidget.h">
      <Filter>Header Files</Filter>
    </ClInclude>
    <ClInclude Include="C:\work\qt\Studio\src\dialogs\customdialog.h">
      <Filter>Header Files</Filter>
    </ClInclude>
    <ClInclude Include="C:\work\qt\Studio\src\dialogs\custompopup.h">
      <Filter>Header Files</Filter>
    </ClInclude>
    <ClInclude Include="C:\work\qt\Studio\src\helpers\collisionhelper.h">
      <Filter>Header Files</Filter>
    </ClInclude>
    <ClInclude Include="C:\work\qt\Studio\src\dialogs\infodialog.h">
      <Filter>Header Files</Filter>
    </ClInclude>
    <ClInclude Include="C:\work\qt\Studio\src\dialogs\loadmeshdialog.h">
      <Filter>Header Files</Filter>
    </ClInclude>
    <ClInclude Include="C:\work\qt\Studio\src\widgets\animationwidget.h">
      <Filter>Header Files</Filter>
    </ClInclude>
    <ClInclude Include="C:\work\qt\Studio\src\widgets\keyframelabelwidget.h">
      <Filter>Header Files</Filter>
    </ClInclude>
    <ClInclude Include="C:\work\qt\Studio\src\widgets\keyframewidget.h">
      <Filter>Header Files</Filter>
    </ClInclude>
    <ClInclude Include="C:\work\qt\Studio\src\widgets\layertreewidget.h">
      <Filter>Header Files</Filter>
    </ClInclude>
    <ClInclude Include="C:\work\qt\Studio\src\widgets\maintimelinewidget.h">
      <Filter>Header Files</Filter>
    </ClInclude>
    <ClInclude Include="C:\work\qt\Studio\src\widgets\timelinewidget.h">
      <Filter>Header Files</Filter>
    </ClInclude>
    <ClInclude Include="C:\work\qt\Studio\src\core\keyframeanimation.h">
      <Filter>Header Files</Filter>
    </ClInclude>
    <ClInclude Include="C:\work\qt\Studio\src\core\keyframes.h">
      <Filter>Header Files</Filter>
    </ClInclude>
    <ClInclude Include="C:\work\qt\Studio\src\core\nodekeyframe.h">
      <Filter>Header Files</Filter>
    </ClInclude>
    <ClInclude Include="C:\work\qt\Studio\src\core\nodekeyframeanimation.h">
      <Filter>Header Files</Filter>
    </ClInclude>
    <ClInclude Include="C:\work\qt\Studio\src\core\project.h">
      <Filter>Header Files</Filter>
    </ClInclude>
    <ClInclude Include="C:\work\qt\Studio\src\core\settingsmanager.h">
      <Filter>Header Files</Filter>
    </ClInclude>
    <ClInclude Include="C:\work\qt\Studio\src\core\surfaceview.h">
      <Filter>Header Files</Filter>
    </ClInclude>
    <ClInclude Include="C:\work\qt\Studio\src\editor\editorcameracontroller.h">
      <Filter>Header Files</Filter>
    </ClInclude>
    <ClInclude Include="C:\work\qt\Studio\src\globals.h">
      <Filter>Header Files</Filter>
    </ClInclude>
    <ClInclude Include="C:\work\qt\Studio\src\widgets\sceneviewwidget.h">
      <Filter>Header Files</Filter>
    </ClInclude>
    <ClInclude Include="C:\work\qt\Studio\src\widgets\assetfavorites.h">
      <Filter>Header Files</Filter>
    </ClInclude>
    <ClInclude Include="C:\work\qt\Studio\src\widgets\assetpanel.h">
      <Filter>Header Files</Filter>
    </ClInclude>
    <ClInclude Include="C:\work\qt\Studio\src\widgets\assetmodelpanel.h">
      <Filter>Header Files</Filter>
    </ClInclude>
    <ClInclude Include="C:\work\qt\Studio\src\widgets\assetmaterialpanel.h">
      <Filter>Header Files</Filter>
    </ClInclude>
    <ClInclude Include="C:\work\qt\Studio\src\widgets\accordianbladewidget.h">
      <Filter>Header Files</Filter>
    </ClInclude>
    <ClInclude Include="C:\work\qt\Studio\src\widgets\transformeditor.h">
      <Filter>Header Files</Filter>
    </ClInclude>
    <ClInclude Include="C:\work\qt\Studio\src\widgets\scenehierarchywidget.h">
      <Filter>Header Files</Filter>
    </ClInclude>
    <ClInclude Include="C:\work\qt\Studio\src\editor\orbitalcameracontroller.h">
      <Filter>Header Files</Filter>
    </ClInclude>
    <ClInclude Include="C:\work\qt\Studio\src\editor\cameracontrollerbase.h">
      <Filter>Header Files</Filter>
    </ClInclude>
    <ClInclude Include="C:\work\qt\Studio\src\widgets\skypresets.h">
      <Filter>Header Files</Filter>
    </ClInclude>
    <ClInclude Include="C:\work\qt\Studio\src\widgets\propertywidgets\transformpropertywidget.h">
      <Filter>Header Files</Filter>
    </ClInclude>
    <ClInclude Include="C:\work\qt\Studio\src\widgets\propertywidgets\lightpropertywidget.h">
      <Filter>Header Files</Filter>
    </ClInclude>
    <ClInclude Include="C:\work\qt\Studio\src\widgets\propertywidgets\materialpropertywidget.h">
      <Filter>Header Files</Filter>
    </ClInclude>
    <ClInclude Include="C:\work\qt\Studio\src\widgets\propertywidgets\worldskypropertywidget.h">
      <Filter>Header Files</Filter>
    </ClInclude>
    <ClInclude Include="C:\work\qt\Studio\src\widgets\propertywidgets\skypropertywidget.h">
      <Filter>Header Files</Filter>
    </ClInclude>
    <ClInclude Include="C:\work\qt\Studio\src\widgets\scenenodepropertieswidget.h">
      <Filter>Header Files</Filter>
    </ClInclude>
    <ClInclude Include="C:\work\qt\Studio\src\widgets\propertywidgets\worldpropertywidget.h">
      <Filter>Header Files</Filter>
    </ClInclude>
    <ClInclude Include="C:\work\qt\Studio\src\widgets\propertywidgets\physicspropertywidget.h">
      <Filter>Header Files</Filter>
    </ClInclude>
    <ClInclude Include="C:\work\qt\Studio\src\widgets\propertywidgets\cubemapwidget.h">
      <Filter>Header Files</Filter>
    </ClInclude>
    <ClInclude Include="C:\work\qt\Studio\src\io\scenewriter.h">
      <Filter>Header Files</Filter>
    </ClInclude>
    <ClInclude Include="C:\work\qt\Studio\src\io\scenereader.h">
      <Filter>Header Files</Filter>
    </ClInclude>
    <ClInclude Include="C:\work\qt\Studio\src\widgets\propertywidgets\scenepropertywidget.h">
      <Filter>Header Files</Filter>
    </ClInclude>
    <ClInclude Include="C:\work\qt\Studio\src\core\thumbnailmanager.h">
      <Filter>Header Files</Filter>
    </ClInclude>
    <ClInclude Include="C:\work\qt\Studio\src\widgets\propertywidgets\fogpropertywidget.h">
      <Filter>Header Files</Filter>
    </ClInclude>
    <ClInclude Include="C:\work\qt\Studio\src\core\meshmanager.h">
      <Filter>Header Files</Filter>
    </ClInclude>
    <ClInclude Include="C:\work\qt\Studio\src\io\assetiobase.h">
      <Filter>Header Files</Filter>
    </ClInclude>
    <ClInclude Include="C:\work\qt\Studio\src\core\materialpreset.h">
      <Filter>Header Files</Filter>
    </ClInclude>
    <ClInclude Include="C:\work\qt\Studio\src\io\materialpresetreader.h">
      <Filter>Header Files</Filter>
    </ClInclude>
    <ClInclude Include="C:\work\qt\Studio\src\widgets\keyframelabeltreewidget.h">
      <Filter>Header Files</Filter>
    </ClInclude>
    <ClInclude Include="C:\work\qt\Studio\src\editor\gizmo.h">
      <Filter>Header Files</Filter>
    </ClInclude>
    <ClInclude Include="C:\work\qt\Studio\src\editor\translationgizmo.h">
      <Filter>Header Files</Filter>
    </ClInclude>
    <ClInclude Include="C:\work\qt\Studio\src\editor\rotationgizmo.h">
      <Filter>Header Files</Filter>
    </ClInclude>
    <ClInclude Include="C:\work\qt\Studio\src\editor\scalegizmo.h">
      <Filter>Header Files</Filter>
    </ClInclude>
    <ClInclude Include="C:\work\qt\Studio\src\editor\gizmoinstance.h">
      <Filter>Header Files</Filter>
    </ClInclude>
    <ClInclude Include="C:\work\qt\Studio\src\core\keyboardstate.h">
      <Filter>Header Files</Filter>
    </ClInclude>
    <ClInclude Include="C:\work\qt\Studio\src\editor\editordata.h">
      <Filter>Header Files</Filter>
    </ClInclude>
    <ClInclude Include="C:\work\qt\Studio\src\widgets\propertywidgets\emitterpropertywidget.h">
      <Filter>Header Files</Filter>
    </ClInclude>
    <ClInclude Include="C:\work\qt\Studio\src\widgets\propertywidgets\nodepropertywidget.h">
      <Filter>Header Files</Filter>
    </ClInclude>
    <ClInclude Include="C:\work\qt\Studio\src\editor\editorvrcontroller.h">
      <Filter>Header Files</Filter>
    </ClInclude>
    <ClInclude Include="C:\work\qt\Studio\src\widgets\propertywidgets\demopane.h">
      <Filter>Header Files</Filter>
    </ClInclude>
    <ClInclude Include="C:\work\qt\Studio\src\widgets\labelwidget.h">
      <Filter>Header Files</Filter>
    </ClInclude>
    <ClInclude Include="C:\work\qt\Studio\src\widgets\checkboxwidget.h">
      <Filter>Header Files</Filter>
    </ClInclude>
    <ClInclude Include="C:\work\qt\Studio\src\widgets\textinputwidget.h">
      <Filter>Header Files</Filter>
    </ClInclude>
    <ClInclude Include="C:\work\qt\Studio\src\widgets\comboboxwidget.h">
      <Filter>Header Files</Filter>
    </ClInclude>
    <ClInclude Include="C:\work\qt\Studio\src\widgets\hfloatsliderwidget.h">
      <Filter>Header Files</Filter>
    </ClInclude>
    <ClInclude Include="C:\work\qt\Studio\src\widgets\texturepickerwidget.h">
      <Filter>Header Files</Filter>
    </ClInclude>
    <ClInclude Include="C:\work\qt\Studio\src\io\materialreader.hpp">
      <Filter>Header Files</Filter>
    </ClInclude>
    <ClInclude Include="C:\work\qt\Studio\src\widgets\filepickerwidget.h">
      <Filter>Header Files</Filter>
    </ClInclude>
    <ClInclude Include="C:\work\qt\Studio\src\widgets\propertywidgets\meshpropertywidget.h">
      <Filter>Header Files</Filter>
    </ClInclude>
    <ClInclude Include="C:\work\qt\Studio\src\widgets\propertywidgets\shaderpropertywidget.h">
      <Filter>Header Files</Filter>
    </ClInclude>
    <ClInclude Include="C:\work\qt\Studio\src\widgets\propertywidgets\handpropertywidget.h">
      <Filter>Header Files</Filter>
    </ClInclude>
    <ClInclude Include="C:\work\qt\Studio\src\widgets\propertywidget.h">
      <Filter>Header Files</Filter>
    </ClInclude>
    <ClInclude Include="C:\work\qt\Studio\src\widgets\basewidget.h">
      <Filter>Header Files</Filter>
    </ClInclude>
    <ClInclude Include="C:\work\qt\Studio\src\widgets\propertywidgets\postprocesspropertywidget.h">
      <Filter>Header Files</Filter>
    </ClInclude>
    <ClInclude Include="C:\work\qt\Studio\src\widgets\postprocesseswidget.h">
      <Filter>Header Files</Filter>
    </ClInclude>
    <ClInclude Include="C:\work\qt\Studio\src\dialogs\newprojectdialog.h">
      <Filter>Header Files</Filter>
    </ClInclude>
    <ClInclude Include="C:\work\qt\Studio\src\widgets\assetwidget.h">
      <Filter>Header Files</Filter>
    </ClInclude>
    <ClInclude Include="C:\work\qt\Studio\src\io\assetmanager.h">
      <Filter>Header Files</Filter>
    </ClInclude>
    <ClInclude Include="C:\work\qt\Studio\src\widgets\assetpickerwidget.h">
      <Filter>Header Files</Filter>
    </ClInclude>
    <ClInclude Include="C:\work\qt\Studio\src\constants.h">
      <Filter>Header Files</Filter>
    </ClInclude>
    <ClInclude Include="C:\work\qt\Studio\src\widgets\keyframelabel.h">
      <Filter>Header Files</Filter>
    </ClInclude>
    <ClInclude Include="C:\work\qt\Studio\src\uimanager.h">
      <Filter>Header Files</Filter>
    </ClInclude>
    <ClInclude Include="C:\work\qt\Studio\src\widgets\keyframecurvewidget.h">
      <Filter>Header Files</Filter>
    </ClInclude>
    <ClInclude Include="C:\work\qt\Studio\src\widgets\animationwidgetdata.h">
      <Filter>Header Files</Filter>
    </ClInclude>
    <ClInclude Include="C:\work\qt\Studio\src\dialogs\getnamedialog.h">
      <Filter>Header Files</Filter>
    </ClInclude>
    <ClInclude Include="C:\work\qt\Studio\src\widgets\createanimationwidget.h">
      <Filter>Header Files</Filter>
    </ClInclude>
    <ClInclude Include="C:\work\qt\Studio\src\core\database\database.h">
      <Filter>Header Files</Filter>
    </ClInclude>
    <ClInclude Include="C:\work\qt\Studio\src\core\database\projectdatabase.h">
      <Filter>Header Files</Filter>
    </ClInclude>
    <ClInclude Include="C:\work\qt\Studio\src\core\guidmanager.h">
      <Filter>Header Files</Filter>
    </ClInclude>
    <ClInclude Include="C:\work\qt\Studio\src\commands\transfrormscenenodecommand.h">
      <Filter>Header Files</Filter>
    </ClInclude>
    <ClInclude Include="C:\work\qt\Studio\src\commands\changematerialpropertycommand.h">
      <Filter>Header Files</Filter>
    </ClInclude>
    <ClInclude Include="C:\work\qt\Studio\src\commands\addscenenodecommand.h">
      <Filter>Header Files</Filter>
    </ClInclude>
    <ClInclude Include="C:\work\qt\Studio\src\commands\deletescenenodecommand.h">
      <Filter>Header Files</Filter>
    </ClInclude>
    <ClInclude Include="C:\work\qt\Studio\src\dialogs\progressdialog.h">
      <Filter>Header Files</Filter>
    </ClInclude>
    <ClInclude Include="C:\work\qt\Studio\src\commands\deleteanimationkeycommand.h">
      <Filter>Header Files</Filter>
    </ClInclude>
    <ClInclude Include="C:\work\qt\Studio\src\widgets\screenshotwidget.h">
      <Filter>Header Files</Filter>
    </ClInclude>
    <ClInclude Include="C:\work\qt\Studio\src\widgets\projectmanager.h">
      <Filter>Header Files</Filter>
    </ClInclude>
    <ClInclude Include="C:\work\qt\Studio\src\widgets\dynamicgrid.h">
      <Filter>Header Files</Filter>
    </ClInclude>
    <ClInclude Include="C:\work\qt\Studio\src\widgets\itemgridwidget.hpp">
      <Filter>Header Files</Filter>
    </ClInclude>
    <ClInclude Include="C:\work\qt\Studio\src\dialogs\renameprojectdialog.h">
      <Filter>Header Files</Filter>
    </ClInclude>
    <ClInclude Include="C:\work\qt\Studio\src\editor\thumbnailgenerator.h">
      <Filter>Header Files</Filter>
    </ClInclude>
    <ClInclude Include="C:\work\qt\Studio\src\widgets\mainwindowviewport.h">
      <Filter>Header Files</Filter>
    </ClInclude>
    <ClInclude Include="C:\work\qt\Studio\src\editor\viewercontroller.h">
      <Filter>Header Files</Filter>
    </ClInclude>
    <ClInclude Include="C:\work\qt\Studio\src\dialogs\donatedialog.h">
      <Filter>Header Files</Filter>
    </ClInclude>
    <ClInclude Include="C:\work\qt\Studio\src\widgets\assetview.h">
      <Filter>Header Files</Filter>
    </ClInclude>
    <ClInclude Include="C:\work\qt\Studio\src\widgets\assetviewer.h">
      <Filter>Header Files</Filter>
    </ClInclude>
    <ClInclude Include="C:\work\qt\Studio\src\widgets\assetviewgrid.h">
      <Filter>Header Files</Filter>
    </ClInclude>
    <ClInclude Include="C:\work\qt\Studio\src\widgets\assetgriditem.h">
      <Filter>Header Files</Filter>
    </ClInclude>
    <ClInclude Include="C:\work\qt\Studio\src\breakpad\breakpad.h">
      <Filter>Header Files</Filter>
    </ClInclude>
    <ClInclude Include="C:\work\qt\Studio\src\materials\jahdefaultmaterial.h">
      <Filter>Header Files</Filter>
    </ClInclude>
    <ClInclude Include="C:\work\qt\Studio\src\editor\outlinerenderer.h">
      <Filter>Header Files</Filter>
    </ClInclude>
    <ClInclude Include="C:\work\qt\Studio\src\editor\viewermaterial.h">
      <Filter>Header Files</Filter>
    </ClInclude>
    <ClInclude Include="C:\work\qt\Studio\src\editor\animationpath.h">
      <Filter>Header Files</Filter>
    </ClInclude>
    <ClInclude Include="C:\work\qt\Studio\src\misc\updatechecker.h">
      <Filter>Header Files</Filter>
    </ClInclude>
    <ClInclude Include="C:\work\qt\Studio\src\dialogs\softwareupdatedialog.h">
      <Filter>Header Files</Filter>
    </ClInclude>
    <ClInclude Include="C:\work\qt\Studio\src\core\assethelper.h">
      <Filter>Header Files</Filter>
    </ClInclude>
    <ClInclude Include="C:\work\qt\Studio\src\core\subscriber.h">
      <Filter>Header Files</Filter>
    </ClInclude>
    <ClInclude Include="C:\work\qt\Studio\src\core\scenenodehelper.h">
      <Filter>Header Files</Filter>
    </ClInclude>
    <ClInclude Include="C:\work\qt\Studio\src\misc\upgrader.h">
      <Filter>Header Files</Filter>
    </ClInclude>
    <ClInclude Include="C:\work\qt\Studio\src\misc\QtAwesome.h">
      <Filter>Header Files</Filter>
    </ClInclude>
    <ClInclude Include="C:\work\qt\Studio\src\misc\QtAwesomeAnim.h">
      <Filter>Header Files</Filter>
    </ClInclude>
    <ClInclude Include="C:\work\qt\Studio\src\misc\stylesheet.h">
      <Filter>Header Files</Filter>
    </ClInclude>
    <ClInclude Include="C:\work\qt\Studio\src\widgets\colorview.h">
      <Filter>Header Files</Filter>
    </ClInclude>
    <ClInclude Include="C:\work\qt\Studio\src\dialogs\toast.h">
      <Filter>Header Files</Filter>
    </ClInclude>
    <ClInclude Include="C:\work\qt\Studio\src\helpers\tooltip.h">
      <Filter>Header Files</Filter>
    </ClInclude>
    <ClInclude Include="C:\work\qt\Studio\src\helpers\dialoghelper.h">
      <Filter>Header Files</Filter>
    </ClInclude>
    <ClInclude Include="C:\work\qt\Studio\src\editor\handgizmo.h">
      <Filter>Header Files</Filter>
    </ClInclude>
    <ClInclude Include="C:\work\qt\Studio\src\subclass\switch.h">
      <Filter>Header Files</Filter>
    </ClInclude>
    <ClInclude Include="C:\work\qt\Studio\src\player\playerwidget.h">
      <Filter>Header Files</Filter>
    </ClInclude>
    <ClInclude Include="C:\work\qt\Studio\src\player\playerview.h">
      <Filter>Header Files</Filter>
    </ClInclude>
    <ClInclude Include="C:\work\qt\Studio\src\player\sceneplayer.h">
      <Filter>Header Files</Filter>
    </ClInclude>
    <ClInclude Include="C:\work\qt\Studio\src\player\playervrcontroller.h">
      <Filter>Header Files</Filter>
    </ClInclude>
    <ClInclude Include="C:\work\qt\Studio\src\player\playermousecontroller.h">
      <Filter>Header Files</Filter>
    </ClInclude>
    <ClInclude Include="C:\work\qt\Studio\src\player\hand.h">
      <Filter>Header Files</Filter>
    </ClInclude>
    <ClInclude Include="C:\work\qt\Studio\src\player\playback.h">
      <Filter>Header Files</Filter>
    </ClInclude>
    <ClInclude Include="C:\work\qt\Studio\src\shadergraph\core\guidhelper.h">
      <Filter>Header Files</Filter>
    </ClInclude>
    <ClInclude Include="C:\work\qt\Studio\src\shadergraph\core\materialhelper.h">
      <Filter>Header Files</Filter>
    </ClInclude>
    <ClInclude Include="C:\work\qt\Studio\src\shadergraph\core\materialwriter.h">
      <Filter>Header Files</Filter>
    </ClInclude>
    <ClInclude Include="C:\work\qt\Studio\src\shadergraph\core\texturemanager.h">
      <Filter>Header Files</Filter>
    </ClInclude>
    <ClInclude Include="C:\work\qt\Studio\src\shadergraph\core\undoredo.h">
      <Filter>Header Files</Filter>
    </ClInclude>
    <ClInclude Include="C:\work\qt\Studio\src\shadergraph\core\sockethelper.h">
      <Filter>Header Files</Filter>
    </ClInclude>
    <ClInclude Include="C:\work\qt\Studio\src\shadergraph\dialogs\createnewdialog.h">
      <Filter>Header Files</Filter>
    </ClInclude>
    <ClInclude Include="C:\work\qt\Studio\src\shadergraph\dialogs\searchdialog.h">
      <Filter>Header Files</Filter>
    </ClInclude>
    <ClInclude Include="C:\work\qt\Studio\src\shadergraph\generator\shadercontext.h">
      <Filter>Header Files</Filter>
    </ClInclude>
    <ClInclude Include="C:\work\qt\Studio\src\shadergraph\generator\shadergenerator.h">
      <Filter>Header Files</Filter>
    </ClInclude>
    <ClInclude Include="C:\work\qt\Studio\src\shadergraph\graph\graphnode.h">
      <Filter>Header Files</Filter>
    </ClInclude>
    <ClInclude Include="C:\work\qt\Studio\src\shadergraph\graph\graphnodescene.h">
      <Filter>Header Files</Filter>
    </ClInclude>
    <ClInclude Include="C:\work\qt\Studio\src\shadergraph\graph\nodegraph.h">
      <Filter>Header Files</Filter>
    </ClInclude>
    <ClInclude Include="C:\work\qt\Studio\src\shadergraph\graph\socket.h">
      <Filter>Header Files</Filter>
    </ClInclude>
    <ClInclude Include="C:\work\qt\Studio\src\shadergraph\graph\sockets.h">
      <Filter>Header Files</Filter>
    </ClInclude>
    <ClInclude Include="C:\work\qt\Studio\src\shadergraph\graph\socketconnection.h">
      <Filter>Header Files</Filter>
    </ClInclude>
    <ClInclude Include="C:\work\qt\Studio\src\shadergraph\models\connectionmodel.h">
      <Filter>Header Files</Filter>
    </ClInclude>
    <ClInclude Include="C:\work\qt\Studio\src\shadergraph\models\library.h">
      <Filter>Header Files</Filter>
    </ClInclude>
    <ClInclude Include="C:\work\qt\Studio\src\shadergraph\models\libraryv1.h">
      <Filter>Header Files</Filter>
    </ClInclude>
    <ClInclude Include="C:\work\qt\Studio\src\shadergraph\models\nodemodel.h">
      <Filter>Header Files</Filter>
    </ClInclude>
    <ClInclude Include="C:\work\qt\Studio\src\shadergraph\models\properties.h">
      <Filter>Header Files</Filter>
    </ClInclude>
    <ClInclude Include="C:\work\qt\Studio\src\shadergraph\models\socketmodel.h">
      <Filter>Header Files</Filter>
    </ClInclude>
    <ClInclude Include="C:\work\qt\Studio\src\shadergraph\nodes\inputs.h">
      <Filter>Header Files</Filter>
    </ClInclude>
    <ClInclude Include="C:\work\qt\Studio\src\shadergraph\nodes\math.h">
      <Filter>Header Files</Filter>
    </ClInclude>
    <ClInclude Include="C:\work\qt\Studio\src\shadergraph\nodes\object.h">
      <Filter>Header Files</Filter>
    </ClInclude>
    <ClInclude Include="C:\work\qt\Studio\src\shadergraph\nodes\test.h">
      <Filter>Header Files</Filter>
    </ClInclude>
    <ClInclude Include="C:\work\qt\Studio\src\shadergraph\nodes\texture.h">
      <Filter>Header Files</Filter>
    </ClInclude>
    <ClInclude Include="C:\work\qt\Studio\src\shadergraph\nodes\utils.h">
      <Filter>Header Files</Filter>
    </ClInclude>
    <ClInclude Include="C:\work\qt\Studio\src\shadergraph\nodes\vector.h">
      <Filter>Header Files</Filter>
    </ClInclude>
    <ClInclude Include="C:\work\qt\Studio\src\shadergraph\nodes\vertex.h">
      <Filter>Header Files</Filter>
    </ClInclude>
    <ClInclude Include="C:\work\qt\Studio\src\shadergraph\nodes\view.h">
      <Filter>Header Files</Filter>
    </ClInclude>
    <ClInclude Include="C:\work\qt\Studio\src\shadergraph\nodes\generated.h">
      <Filter>Header Files</Filter>
    </ClInclude>
    <ClInclude Include="C:\work\qt\Studio\src\shadergraph\propertywidgets\floatpropertywidget.h">
      <Filter>Header Files</Filter>
    </ClInclude>
    <ClInclude Include="C:\work\qt\Studio\src\shadergraph\propertywidgets\vectorpropertywidget.h">
      <Filter>Header Files</Filter>
    </ClInclude>
    <ClInclude Include="C:\work\qt\Studio\src\shadergraph\propertywidgets\intpropertywidget.h">
      <Filter>Header Files</Filter>
    </ClInclude>
    <ClInclude Include="C:\work\qt\Studio\src\shadergraph\propertywidgets\texturepropertywidget.h">
      <Filter>Header Files</Filter>
    </ClInclude>
    <ClInclude Include="C:\work\qt\Studio\src\shadergraph\propertywidgets\basepropertywidget.h">
      <Filter>Header Files</Filter>
    </ClInclude>
    <ClInclude Include="C:\work\qt\Studio\src\shadergraph\propertywidgets\propertywidgetbase.h">
      <Filter>Header Files</Filter>
    </ClInclude>
    <ClInclude Include="C:\work\qt\Studio\src\shadergraph\widgets\graphicsview.h">
      <Filter>Header Files</Filter>
    </ClInclude>
    <ClInclude Include="C:\work\qt\Studio\src\shadergraph\widgets\listwidget.h">
      <Filter>Header Files</Filter>
    </ClInclude>
    <ClInclude Include="C:\work\qt\Studio\src\shadergraph\widgets\materialsettingswidget.h">
      <Filter>Header Files</Filter>
    </ClInclude>
    <ClInclude Include="C:\work\qt\Studio\src\shadergraph\widgets\propertylistwidget.h">
      <Filter>Header Files</Filter>
    </ClInclude>
    <ClInclude Include="C:\work\qt\Studio\src\shadergraph\widgets\scenewidget.h">
      <Filter>Header Files</Filter>
    </ClInclude>
    <ClInclude Include="C:\work\qt\Studio\src\shadergraph\widgets\shaderlistwidget.h">
      <Filter>Header Files</Filter>
    </ClInclude>
    <ClInclude Include="C:\work\qt\Studio\src\shadergraph\widgets\shaderassetwidget.h">
      <Filter>Header Files</Filter>
    </ClInclude>
    <ClInclude Include="C:\work\qt\Studio\src\shadergraph\widgets\treewidget.h">
      <Filter>Header Files</Filter>
    </ClInclude>
    <ClInclude Include="C:\work\qt\Studio\src\shadergraph\assets.h">
      <Filter>Header Files</Filter>
    </ClInclude>
    <ClInclude Include="C:\work\qt\Studio\src\shadergraph\shadergraph.h">
      <Filter>Header Files</Filter>
    </ClInclude>
    <ClInclude Include="C:\work\qt\Studio\src\shadergraph\shadergraphmainwindow.h">
      <Filter>Header Files</Filter>
    </ClInclude>
    <ClInclude Include="C:\work\qt\Studio\src\widgets\versionsplashscreen.h">
      <Filter>Header Files</Filter>
    </ClInclude>
    <ClInclude Include="C:\work\qt\Studio\src\player\vtkplayerinteractorstyle.h">
      <Filter>Header Files</Filter>
    </ClInclude>
    <ClInclude Include="C:\work\qt\Studio\src\player\VtkPlaybackManager.h">
      <Filter>Header Files</Filter>
    </ClInclude>
    <ClInclude Include="C:\work\qt\Studio\src\io\NewJsonAdapter.h">
      <Filter>Header Files</Filter>
    </ClInclude>
    <ClInclude Include="C:\work\qt\Studio\build_vs\Jahshaka_autogen\include_Debug\src\ui_mainwindow.h">
      <Filter>Header Files</Filter>
    </ClInclude>
    <ClInclude Include="C:\work\qt\Studio\build_vs\Jahshaka_autogen\include_Debug\src\widgets\ui_colorvaluewidget.h">
      <Filter>Header Files</Filter>
    </ClInclude>
    <ClInclude Include="C:\work\qt\Studio\build_vs\Jahshaka_autogen\include_Debug\src\widgets\ui_colorpickerwidget.h">
      <Filter>Header Files</Filter>
    </ClInclude>
    <ClInclude Include="C:\work\qt\Studio\build_vs\Jahshaka_autogen\include_Debug\src\dialogs\ui_preferencesdialog.h">
      <Filter>Header Files</Filter>
    </ClInclude>
    <ClInclude Include="C:\work\qt\Studio\build_vs\Jahshaka_autogen\include_Debug\src\dialogs\ui_aboutdialog.h">
      <Filter>Header Files</Filter>
    </ClInclude>
    <ClInclude Include="C:\work\qt\Studio\build_vs\Jahshaka_autogen\include_Debug\src\dialogs\preferences\ui_worldsettings.h">
      <Filter>Header Files</Filter>
    </ClInclude>
    <ClInclude Include="C:\work\qt\Studio\build_vs\Jahshaka_autogen\include_Debug\src\dialogs\ui_infodialog.h">
      <Filter>Header Files</Filter>
    </ClInclude>
    <ClInclude Include="C:\work\qt\Studio\build_vs\Jahshaka_autogen\include_Debug\src\dialogs\ui_loadmeshdialog.h">
      <Filter>Header Files</Filter>
    </ClInclude>
    <ClInclude Include="C:\work\qt\Studio\build_vs\Jahshaka_autogen\include_Debug\src\widgets\ui_animationwidget.h">
      <Filter>Header Files</Filter>
    </ClInclude>
    <ClInclude Include="C:\work\qt\Studio\build_vs\Jahshaka_autogen\include_Debug\src\widgets\ui_maintimelinewidget.h">
      <Filter>Header Files</Filter>
    </ClInclude>
    <ClInclude Include="C:\work\qt\Studio\build_vs\Jahshaka_autogen\include_Debug\src\widgets\ui_accordianbladewidget.h">
      <Filter>Header Files</Filter>
    </ClInclude>
    <ClInclude Include="C:\work\qt\Studio\build_vs\Jahshaka_autogen\include_Debug\src\widgets\ui_transformeditor.h">
      <Filter>Header Files</Filter>
    </ClInclude>
    <ClInclude Include="C:\work\qt\Studio\build_vs\Jahshaka_autogen\include_Debug\src\widgets\ui_scenehierarchywidget.h">
      <Filter>Header Files</Filter>
    </ClInclude>
    <ClInclude Include="C:\work\qt\Studio\build_vs\Jahshaka_autogen\include_Debug\src\widgets\ui_skypresets.h">
      <Filter>Header Files</Filter>
    </ClInclude>
    <ClInclude Include="C:\work\qt\Studio\build_vs\Jahshaka_autogen\include_Debug\src\widgets\ui_keyframelabelwidget.h">
      <Filter>Header Files</Filter>
    </ClInclude>
    <ClInclude Include="C:\work\qt\Studio\build_vs\Jahshaka_autogen\include_Debug\src\widgets\ui_keyframelabeltreewidget.h">
      <Filter>Header Files</Filter>
    </ClInclude>
    <ClInclude Include="C:\work\qt\Studio\build_vs\Jahshaka_autogen\include_Debug\src\widgets\ui_labelwidget.h">
      <Filter>Header Files</Filter>
    </ClInclude>
    <ClInclude Include="C:\work\qt\Studio\build_vs\Jahshaka_autogen\include_Debug\src\widgets\ui_checkboxwidget.h">
      <Filter>Header Files</Filter>
    </ClInclude>
    <ClInclude Include="C:\work\qt\Studio\build_vs\Jahshaka_autogen\include_Debug\src\widgets\ui_textinputwidget.h">
      <Filter>Header Files</Filter>
    </ClInclude>
    <ClInclude Include="C:\work\qt\Studio\build_vs\Jahshaka_autogen\include_Debug\src\widgets\ui_comboboxwidget.h">
      <Filter>Header Files</Filter>
    </ClInclude>
    <ClInclude Include="C:\work\qt\Studio\build_vs\Jahshaka_autogen\include_Debug\src\widgets\ui_hfloatsliderwidget.h">
      <Filter>Header Files</Filter>
    </ClInclude>
    <ClInclude Include="C:\work\qt\Studio\build_vs\Jahshaka_autogen\include_Debug\src\widgets\ui_texturepickerwidget.h">
      <Filter>Header Files</Filter>
    </ClInclude>
    <ClInclude Include="C:\work\qt\Studio\build_vs\Jahshaka_autogen\include_Debug\src\widgets\ui_filepickerwidget.h">
      <Filter>Header Files</Filter>
    </ClInclude>
    <ClInclude Include="C:\work\qt\Studio\build_vs\Jahshaka_autogen\include_Debug\src\widgets\ui_propertywidget.h">
      <Filter>Header Files</Filter>
    </ClInclude>
    <ClInclude Include="C:\work\qt\Studio\build_vs\Jahshaka_autogen\include_Debug\src\widgets\ui_postprocesseswidget.h">
      <Filter>Header Files</Filter>
    </ClInclude>
    <ClInclude Include="C:\work\qt\Studio\build_vs\Jahshaka_autogen\include_Debug\src\dialogs\ui_newprojectdialog.h">
      <Filter>Header Files</Filter>
    </ClInclude>
    <ClInclude Include="C:\work\qt\Studio\build_vs\Jahshaka_autogen\include_Debug\src\widgets\ui_assetwidget.h">
      <Filter>Header Files</Filter>
    </ClInclude>
    <ClInclude Include="C:\work\qt\Studio\build_vs\Jahshaka_autogen\include_Debug\src\widgets\ui_assetpickerwidget.h">
      <Filter>Header Files</Filter>
    </ClInclude>
    <ClInclude Include="C:\work\qt\Studio\build_vs\Jahshaka_autogen\include_Debug\src\widgets\ui_keyframelabel.h">
      <Filter>Header Files</Filter>
    </ClInclude>
    <ClInclude Include="C:\work\qt\Studio\build_vs\Jahshaka_autogen\include_Debug\src\widgets\ui_keyframecurvewidget.h">
      <Filter>Header Files</Filter>
    </ClInclude>
    <ClInclude Include="C:\work\qt\Studio\build_vs\Jahshaka_autogen\include_Debug\src\dialogs\ui_getnamedialog.h">
      <Filter>Header Files</Filter>
    </ClInclude>
    <ClInclude Include="C:\work\qt\Studio\build_vs\Jahshaka_autogen\include_Debug\src\widgets\ui_createanimationwidget.h">
      <Filter>Header Files</Filter>
    </ClInclude>
    <ClInclude Include="C:\work\qt\Studio\build_vs\Jahshaka_autogen\include_Debug\src\dialogs\ui_progressdialog.h">
      <Filter>Header Files</Filter>
    </ClInclude>
    <ClInclude Include="C:\work\qt\Studio\build_vs\Jahshaka_autogen\include_Debug\src\widgets\ui_screenshotwidget.h">
      <Filter>Header Files</Filter>
    </ClInclude>
    <ClInclude Include="C:\work\qt\Studio\build_vs\Jahshaka_autogen\include_Debug\src\widgets\ui_projectmanager.h">
      <Filter>Header Files</Filter>
    </ClInclude>
    <ClInclude Include="C:\work\qt\Studio\build_vs\Jahshaka_autogen\include_Debug\src\dialogs\ui_renameprojectdialog.h">
      <Filter>Header Files</Filter>
    </ClInclude>
    <ClInclude Include="C:\work\qt\Studio\build_vs\Jahshaka_autogen\include_Debug\src\dialogs\ui_donate.h">
      <Filter>Header Files</Filter>
    </ClInclude>
    <ClInclude Include="C:\work\qt\Studio\build_vs\Jahshaka_autogen\include_Debug\src\dialogs\ui_softwareupdatedialog.h">
      <Filter>Header Files</Filter>
    </ClInclude>
    <ClInclude Include="C:\work\qt\Studio\build_vs\Jahshaka_autogen\include_Release\src\ui_mainwindow.h">
      <Filter>Header Files</Filter>
    </ClInclude>
    <ClInclude Include="C:\work\qt\Studio\build_vs\Jahshaka_autogen\include_Release\src\widgets\ui_colorvaluewidget.h">
      <Filter>Header Files</Filter>
    </ClInclude>
    <ClInclude Include="C:\work\qt\Studio\build_vs\Jahshaka_autogen\include_Release\src\widgets\ui_colorpickerwidget.h">
      <Filter>Header Files</Filter>
    </ClInclude>
    <ClInclude Include="C:\work\qt\Studio\build_vs\Jahshaka_autogen\include_Release\src\dialogs\ui_preferencesdialog.h">
      <Filter>Header Files</Filter>
    </ClInclude>
    <ClInclude Include="C:\work\qt\Studio\build_vs\Jahshaka_autogen\include_Release\src\dialogs\ui_aboutdialog.h">
      <Filter>Header Files</Filter>
    </ClInclude>
    <ClInclude Include="C:\work\qt\Studio\build_vs\Jahshaka_autogen\include_Release\src\dialogs\preferences\ui_worldsettings.h">
      <Filter>Header Files</Filter>
    </ClInclude>
    <ClInclude Include="C:\work\qt\Studio\build_vs\Jahshaka_autogen\include_Release\src\dialogs\ui_infodialog.h">
      <Filter>Header Files</Filter>
    </ClInclude>
    <ClInclude Include="C:\work\qt\Studio\build_vs\Jahshaka_autogen\include_Release\src\dialogs\ui_loadmeshdialog.h">
      <Filter>Header Files</Filter>
    </ClInclude>
    <ClInclude Include="C:\work\qt\Studio\build_vs\Jahshaka_autogen\include_Release\src\widgets\ui_animationwidget.h">
      <Filter>Header Files</Filter>
    </ClInclude>
    <ClInclude Include="C:\work\qt\Studio\build_vs\Jahshaka_autogen\include_Release\src\widgets\ui_maintimelinewidget.h">
      <Filter>Header Files</Filter>
    </ClInclude>
    <ClInclude Include="C:\work\qt\Studio\build_vs\Jahshaka_autogen\include_Release\src\widgets\ui_accordianbladewidget.h">
      <Filter>Header Files</Filter>
    </ClInclude>
    <ClInclude Include="C:\work\qt\Studio\build_vs\Jahshaka_autogen\include_Release\src\widgets\ui_transformeditor.h">
      <Filter>Header Files</Filter>
    </ClInclude>
    <ClInclude Include="C:\work\qt\Studio\build_vs\Jahshaka_autogen\include_Release\src\widgets\ui_scenehierarchywidget.h">
      <Filter>Header Files</Filter>
    </ClInclude>
    <ClInclude Include="C:\work\qt\Studio\build_vs\Jahshaka_autogen\include_Release\src\widgets\ui_skypresets.h">
      <Filter>Header Files</Filter>
    </ClInclude>
    <ClInclude Include="C:\work\qt\Studio\build_vs\Jahshaka_autogen\include_Release\src\widgets\ui_keyframelabelwidget.h">
      <Filter>Header Files</Filter>
    </ClInclude>
    <ClInclude Include="C:\work\qt\Studio\build_vs\Jahshaka_autogen\include_Release\src\widgets\ui_keyframelabeltreewidget.h">
      <Filter>Header Files</Filter>
    </ClInclude>
    <ClInclude Include="C:\work\qt\Studio\build_vs\Jahshaka_autogen\include_Release\src\widgets\ui_labelwidget.h">
      <Filter>Header Files</Filter>
    </ClInclude>
    <ClInclude Include="C:\work\qt\Studio\build_vs\Jahshaka_autogen\include_Release\src\widgets\ui_checkboxwidget.h">
      <Filter>Header Files</Filter>
    </ClInclude>
    <ClInclude Include="C:\work\qt\Studio\build_vs\Jahshaka_autogen\include_Release\src\widgets\ui_textinputwidget.h">
      <Filter>Header Files</Filter>
    </ClInclude>
    <ClInclude Include="C:\work\qt\Studio\build_vs\Jahshaka_autogen\include_Release\src\widgets\ui_comboboxwidget.h">
      <Filter>Header Files</Filter>
    </ClInclude>
    <ClInclude Include="C:\work\qt\Studio\build_vs\Jahshaka_autogen\include_Release\src\widgets\ui_hfloatsliderwidget.h">
      <Filter>Header Files</Filter>
    </ClInclude>
    <ClInclude Include="C:\work\qt\Studio\build_vs\Jahshaka_autogen\include_Release\src\widgets\ui_texturepickerwidget.h">
      <Filter>Header Files</Filter>
    </ClInclude>
    <ClInclude Include="C:\work\qt\Studio\build_vs\Jahshaka_autogen\include_Release\src\widgets\ui_filepickerwidget.h">
      <Filter>Header Files</Filter>
    </ClInclude>
    <ClInclude Include="C:\work\qt\Studio\build_vs\Jahshaka_autogen\include_Release\src\widgets\ui_propertywidget.h">
      <Filter>Header Files</Filter>
    </ClInclude>
    <ClInclude Include="C:\work\qt\Studio\build_vs\Jahshaka_autogen\include_Release\src\widgets\ui_postprocesseswidget.h">
      <Filter>Header Files</Filter>
    </ClInclude>
    <ClInclude Include="C:\work\qt\Studio\build_vs\Jahshaka_autogen\include_Release\src\dialogs\ui_newprojectdialog.h">
      <Filter>Header Files</Filter>
    </ClInclude>
    <ClInclude Include="C:\work\qt\Studio\build_vs\Jahshaka_autogen\include_Release\src\widgets\ui_assetwidget.h">
      <Filter>Header Files</Filter>
    </ClInclude>
    <ClInclude Include="C:\work\qt\Studio\build_vs\Jahshaka_autogen\include_Release\src\widgets\ui_assetpickerwidget.h">
      <Filter>Header Files</Filter>
    </ClInclude>
    <ClInclude Include="C:\work\qt\Studio\build_vs\Jahshaka_autogen\include_Release\src\widgets\ui_keyframelabel.h">
      <Filter>Header Files</Filter>
    </ClInclude>
    <ClInclude Include="C:\work\qt\Studio\build_vs\Jahshaka_autogen\include_Release\src\widgets\ui_keyframecurvewidget.h">
      <Filter>Header Files</Filter>
    </ClInclude>
    <ClInclude Include="C:\work\qt\Studio\build_vs\Jahshaka_autogen\include_Release\src\dialogs\ui_getnamedialog.h">
      <Filter>Header Files</Filter>
    </ClInclude>
    <ClInclude Include="C:\work\qt\Studio\build_vs\Jahshaka_autogen\include_Release\src\widgets\ui_createanimationwidget.h">
      <Filter>Header Files</Filter>
    </ClInclude>
    <ClInclude Include="C:\work\qt\Studio\build_vs\Jahshaka_autogen\include_Release\src\dialogs\ui_progressdialog.h">
      <Filter>Header Files</Filter>
    </ClInclude>
    <ClInclude Include="C:\work\qt\Studio\build_vs\Jahshaka_autogen\include_Release\src\widgets\ui_screenshotwidget.h">
      <Filter>Header Files</Filter>
    </ClInclude>
    <ClInclude Include="C:\work\qt\Studio\build_vs\Jahshaka_autogen\include_Release\src\widgets\ui_projectmanager.h">
      <Filter>Header Files</Filter>
    </ClInclude>
    <ClInclude Include="C:\work\qt\Studio\build_vs\Jahshaka_autogen\include_Release\src\dialogs\ui_renameprojectdialog.h">
      <Filter>Header Files</Filter>
    </ClInclude>
    <ClInclude Include="C:\work\qt\Studio\build_vs\Jahshaka_autogen\include_Release\src\dialogs\ui_donate.h">
      <Filter>Header Files</Filter>
    </ClInclude>
    <ClInclude Include="C:\work\qt\Studio\build_vs\Jahshaka_autogen\include_Release\src\dialogs\ui_softwareupdatedialog.h">
      <Filter>Header Files</Filter>
    </ClInclude>
    <ClInclude Include="C:\work\qt\Studio\build_vs\Jahshaka_autogen\include_MinSizeRel\src\ui_mainwindow.h">
      <Filter>Header Files</Filter>
    </ClInclude>
    <ClInclude Include="C:\work\qt\Studio\build_vs\Jahshaka_autogen\include_MinSizeRel\src\widgets\ui_colorvaluewidget.h">
      <Filter>Header Files</Filter>
    </ClInclude>
    <ClInclude Include="C:\work\qt\Studio\build_vs\Jahshaka_autogen\include_MinSizeRel\src\widgets\ui_colorpickerwidget.h">
      <Filter>Header Files</Filter>
    </ClInclude>
    <ClInclude Include="C:\work\qt\Studio\build_vs\Jahshaka_autogen\include_MinSizeRel\src\dialogs\ui_preferencesdialog.h">
      <Filter>Header Files</Filter>
    </ClInclude>
    <ClInclude Include="C:\work\qt\Studio\build_vs\Jahshaka_autogen\include_MinSizeRel\src\dialogs\ui_aboutdialog.h">
      <Filter>Header Files</Filter>
    </ClInclude>
    <ClInclude Include="C:\work\qt\Studio\build_vs\Jahshaka_autogen\include_MinSizeRel\src\dialogs\preferences\ui_worldsettings.h">
      <Filter>Header Files</Filter>
    </ClInclude>
    <ClInclude Include="C:\work\qt\Studio\build_vs\Jahshaka_autogen\include_MinSizeRel\src\dialogs\ui_infodialog.h">
      <Filter>Header Files</Filter>
    </ClInclude>
    <ClInclude Include="C:\work\qt\Studio\build_vs\Jahshaka_autogen\include_MinSizeRel\src\dialogs\ui_loadmeshdialog.h">
      <Filter>Header Files</Filter>
    </ClInclude>
    <ClInclude Include="C:\work\qt\Studio\build_vs\Jahshaka_autogen\include_MinSizeRel\src\widgets\ui_animationwidget.h">
      <Filter>Header Files</Filter>
    </ClInclude>
    <ClInclude Include="C:\work\qt\Studio\build_vs\Jahshaka_autogen\include_MinSizeRel\src\widgets\ui_maintimelinewidget.h">
      <Filter>Header Files</Filter>
    </ClInclude>
    <ClInclude Include="C:\work\qt\Studio\build_vs\Jahshaka_autogen\include_MinSizeRel\src\widgets\ui_accordianbladewidget.h">
      <Filter>Header Files</Filter>
    </ClInclude>
    <ClInclude Include="C:\work\qt\Studio\build_vs\Jahshaka_autogen\include_MinSizeRel\src\widgets\ui_transformeditor.h">
      <Filter>Header Files</Filter>
    </ClInclude>
    <ClInclude Include="C:\work\qt\Studio\build_vs\Jahshaka_autogen\include_MinSizeRel\src\widgets\ui_scenehierarchywidget.h">
      <Filter>Header Files</Filter>
    </ClInclude>
    <ClInclude Include="C:\work\qt\Studio\build_vs\Jahshaka_autogen\include_MinSizeRel\src\widgets\ui_skypresets.h">
      <Filter>Header Files</Filter>
    </ClInclude>
    <ClInclude Include="C:\work\qt\Studio\build_vs\Jahshaka_autogen\include_MinSizeRel\src\widgets\ui_keyframelabelwidget.h">
      <Filter>Header Files</Filter>
    </ClInclude>
    <ClInclude Include="C:\work\qt\Studio\build_vs\Jahshaka_autogen\include_MinSizeRel\src\widgets\ui_keyframelabeltreewidget.h">
      <Filter>Header Files</Filter>
    </ClInclude>
    <ClInclude Include="C:\work\qt\Studio\build_vs\Jahshaka_autogen\include_MinSizeRel\src\widgets\ui_labelwidget.h">
      <Filter>Header Files</Filter>
    </ClInclude>
    <ClInclude Include="C:\work\qt\Studio\build_vs\Jahshaka_autogen\include_MinSizeRel\src\widgets\ui_checkboxwidget.h">
      <Filter>Header Files</Filter>
    </ClInclude>
    <ClInclude Include="C:\work\qt\Studio\build_vs\Jahshaka_autogen\include_MinSizeRel\src\widgets\ui_textinputwidget.h">
      <Filter>Header Files</Filter>
    </ClInclude>
    <ClInclude Include="C:\work\qt\Studio\build_vs\Jahshaka_autogen\include_MinSizeRel\src\widgets\ui_comboboxwidget.h">
      <Filter>Header Files</Filter>
    </ClInclude>
    <ClInclude Include="C:\work\qt\Studio\build_vs\Jahshaka_autogen\include_MinSizeRel\src\widgets\ui_hfloatsliderwidget.h">
      <Filter>Header Files</Filter>
    </ClInclude>
    <ClInclude Include="C:\work\qt\Studio\build_vs\Jahshaka_autogen\include_MinSizeRel\src\widgets\ui_texturepickerwidget.h">
      <Filter>Header Files</Filter>
    </ClInclude>
    <ClInclude Include="C:\work\qt\Studio\build_vs\Jahshaka_autogen\include_MinSizeRel\src\widgets\ui_filepickerwidget.h">
      <Filter>Header Files</Filter>
    </ClInclude>
    <ClInclude Include="C:\work\qt\Studio\build_vs\Jahshaka_autogen\include_MinSizeRel\src\widgets\ui_propertywidget.h">
      <Filter>Header Files</Filter>
    </ClInclude>
    <ClInclude Include="C:\work\qt\Studio\build_vs\Jahshaka_autogen\include_MinSizeRel\src\widgets\ui_postprocesseswidget.h">
      <Filter>Header Files</Filter>
    </ClInclude>
    <ClInclude Include="C:\work\qt\Studio\build_vs\Jahshaka_autogen\include_MinSizeRel\src\dialogs\ui_newprojectdialog.h">
      <Filter>Header Files</Filter>
    </ClInclude>
    <ClInclude Include="C:\work\qt\Studio\build_vs\Jahshaka_autogen\include_MinSizeRel\src\widgets\ui_assetwidget.h">
      <Filter>Header Files</Filter>
    </ClInclude>
    <ClInclude Include="C:\work\qt\Studio\build_vs\Jahshaka_autogen\include_MinSizeRel\src\widgets\ui_assetpickerwidget.h">
      <Filter>Header Files</Filter>
    </ClInclude>
    <ClInclude Include="C:\work\qt\Studio\build_vs\Jahshaka_autogen\include_MinSizeRel\src\widgets\ui_keyframelabel.h">
      <Filter>Header Files</Filter>
    </ClInclude>
    <ClInclude Include="C:\work\qt\Studio\build_vs\Jahshaka_autogen\include_MinSizeRel\src\widgets\ui_keyframecurvewidget.h">
      <Filter>Header Files</Filter>
    </ClInclude>
    <ClInclude Include="C:\work\qt\Studio\build_vs\Jahshaka_autogen\include_MinSizeRel\src\dialogs\ui_getnamedialog.h">
      <Filter>Header Files</Filter>
    </ClInclude>
    <ClInclude Include="C:\work\qt\Studio\build_vs\Jahshaka_autogen\include_MinSizeRel\src\widgets\ui_createanimationwidget.h">
      <Filter>Header Files</Filter>
    </ClInclude>
    <ClInclude Include="C:\work\qt\Studio\build_vs\Jahshaka_autogen\include_MinSizeRel\src\dialogs\ui_progressdialog.h">
      <Filter>Header Files</Filter>
    </ClInclude>
    <ClInclude Include="C:\work\qt\Studio\build_vs\Jahshaka_autogen\include_MinSizeRel\src\widgets\ui_screenshotwidget.h">
      <Filter>Header Files</Filter>
    </ClInclude>
    <ClInclude Include="C:\work\qt\Studio\build_vs\Jahshaka_autogen\include_MinSizeRel\src\widgets\ui_projectmanager.h">
      <Filter>Header Files</Filter>
    </ClInclude>
    <ClInclude Include="C:\work\qt\Studio\build_vs\Jahshaka_autogen\include_MinSizeRel\src\dialogs\ui_renameprojectdialog.h">
      <Filter>Header Files</Filter>
    </ClInclude>
    <ClInclude Include="C:\work\qt\Studio\build_vs\Jahshaka_autogen\include_MinSizeRel\src\dialogs\ui_donate.h">
      <Filter>Header Files</Filter>
    </ClInclude>
    <ClInclude Include="C:\work\qt\Studio\build_vs\Jahshaka_autogen\include_MinSizeRel\src\dialogs\ui_softwareupdatedialog.h">
      <Filter>Header Files</Filter>
    </ClInclude>
    <ClInclude Include="C:\work\qt\Studio\build_vs\Jahshaka_autogen\include_RelWithDebInfo\src\ui_mainwindow.h">
      <Filter>Header Files</Filter>
    </ClInclude>
    <ClInclude Include="C:\work\qt\Studio\build_vs\Jahshaka_autogen\include_RelWithDebInfo\src\widgets\ui_colorvaluewidget.h">
      <Filter>Header Files</Filter>
    </ClInclude>
    <ClInclude Include="C:\work\qt\Studio\build_vs\Jahshaka_autogen\include_RelWithDebInfo\src\widgets\ui_colorpickerwidget.h">
      <Filter>Header Files</Filter>
    </ClInclude>
    <ClInclude Include="C:\work\qt\Studio\build_vs\Jahshaka_autogen\include_RelWithDebInfo\src\dialogs\ui_preferencesdialog.h">
      <Filter>Header Files</Filter>
    </ClInclude>
    <ClInclude Include="C:\work\qt\Studio\build_vs\Jahshaka_autogen\include_RelWithDebInfo\src\dialogs\ui_aboutdialog.h">
      <Filter>Header Files</Filter>
    </ClInclude>
    <ClInclude Include="C:\work\qt\Studio\build_vs\Jahshaka_autogen\include_RelWithDebInfo\src\dialogs\preferences\ui_worldsettings.h">
      <Filter>Header Files</Filter>
    </ClInclude>
    <ClInclude Include="C:\work\qt\Studio\build_vs\Jahshaka_autogen\include_RelWithDebInfo\src\dialogs\ui_infodialog.h">
      <Filter>Header Files</Filter>
    </ClInclude>
    <ClInclude Include="C:\work\qt\Studio\build_vs\Jahshaka_autogen\include_RelWithDebInfo\src\dialogs\ui_loadmeshdialog.h">
      <Filter>Header Files</Filter>
    </ClInclude>
    <ClInclude Include="C:\work\qt\Studio\build_vs\Jahshaka_autogen\include_RelWithDebInfo\src\widgets\ui_animationwidget.h">
      <Filter>Header Files</Filter>
    </ClInclude>
    <ClInclude Include="C:\work\qt\Studio\build_vs\Jahshaka_autogen\include_RelWithDebInfo\src\widgets\ui_maintimelinewidget.h">
      <Filter>Header Files</Filter>
    </ClInclude>
    <ClInclude Include="C:\work\qt\Studio\build_vs\Jahshaka_autogen\include_RelWithDebInfo\src\widgets\ui_accordianbladewidget.h">
      <Filter>Header Files</Filter>
    </ClInclude>
    <ClInclude Include="C:\work\qt\Studio\build_vs\Jahshaka_autogen\include_RelWithDebInfo\src\widgets\ui_transformeditor.h">
      <Filter>Header Files</Filter>
    </ClInclude>
    <ClInclude Include="C:\work\qt\Studio\build_vs\Jahshaka_autogen\include_RelWithDebInfo\src\widgets\ui_scenehierarchywidget.h">
      <Filter>Header Files</Filter>
    </ClInclude>
    <ClInclude Include="C:\work\qt\Studio\build_vs\Jahshaka_autogen\include_RelWithDebInfo\src\widgets\ui_skypresets.h">
      <Filter>Header Files</Filter>
    </ClInclude>
    <ClInclude Include="C:\work\qt\Studio\build_vs\Jahshaka_autogen\include_RelWithDebInfo\src\widgets\ui_keyframelabelwidget.h">
      <Filter>Header Files</Filter>
    </ClInclude>
    <ClInclude Include="C:\work\qt\Studio\build_vs\Jahshaka_autogen\include_RelWithDebInfo\src\widgets\ui_keyframelabeltreewidget.h">
      <Filter>Header Files</Filter>
    </ClInclude>
    <ClInclude Include="C:\work\qt\Studio\build_vs\Jahshaka_autogen\include_RelWithDebInfo\src\widgets\ui_labelwidget.h">
      <Filter>Header Files</Filter>
    </ClInclude>
    <ClInclude Include="C:\work\qt\Studio\build_vs\Jahshaka_autogen\include_RelWithDebInfo\src\widgets\ui_checkboxwidget.h">
      <Filter>Header Files</Filter>
    </ClInclude>
    <ClInclude Include="C:\work\qt\Studio\build_vs\Jahshaka_autogen\include_RelWithDebInfo\src\widgets\ui_textinputwidget.h">
      <Filter>Header Files</Filter>
    </ClInclude>
    <ClInclude Include="C:\work\qt\Studio\build_vs\Jahshaka_autogen\include_RelWithDebInfo\src\widgets\ui_comboboxwidget.h">
      <Filter>Header Files</Filter>
    </ClInclude>
    <ClInclude Include="C:\work\qt\Studio\build_vs\Jahshaka_autogen\include_RelWithDebInfo\src\widgets\ui_hfloatsliderwidget.h">
      <Filter>Header Files</Filter>
    </ClInclude>
    <ClInclude Include="C:\work\qt\Studio\build_vs\Jahshaka_autogen\include_RelWithDebInfo\src\widgets\ui_texturepickerwidget.h">
      <Filter>Header Files</Filter>
    </ClInclude>
    <ClInclude Include="C:\work\qt\Studio\build_vs\Jahshaka_autogen\include_RelWithDebInfo\src\widgets\ui_filepickerwidget.h">
      <Filter>Header Files</Filter>
    </ClInclude>
    <ClInclude Include="C:\work\qt\Studio\build_vs\Jahshaka_autogen\include_RelWithDebInfo\src\widgets\ui_propertywidget.h">
      <Filter>Header Files</Filter>
    </ClInclude>
    <ClInclude Include="C:\work\qt\Studio\build_vs\Jahshaka_autogen\include_RelWithDebInfo\src\widgets\ui_postprocesseswidget.h">
      <Filter>Header Files</Filter>
    </ClInclude>
    <ClInclude Include="C:\work\qt\Studio\build_vs\Jahshaka_autogen\include_RelWithDebInfo\src\dialogs\ui_newprojectdialog.h">
      <Filter>Header Files</Filter>
    </ClInclude>
    <ClInclude Include="C:\work\qt\Studio\build_vs\Jahshaka_autogen\include_RelWithDebInfo\src\widgets\ui_assetwidget.h">
      <Filter>Header Files</Filter>
    </ClInclude>
    <ClInclude Include="C:\work\qt\Studio\build_vs\Jahshaka_autogen\include_RelWithDebInfo\src\widgets\ui_assetpickerwidget.h">
      <Filter>Header Files</Filter>
    </ClInclude>
    <ClInclude Include="C:\work\qt\Studio\build_vs\Jahshaka_autogen\include_RelWithDebInfo\src\widgets\ui_keyframelabel.h">
      <Filter>Header Files</Filter>
    </ClInclude>
    <ClInclude Include="C:\work\qt\Studio\build_vs\Jahshaka_autogen\include_RelWithDebInfo\src\widgets\ui_keyframecurvewidget.h">
      <Filter>Header Files</Filter>
    </ClInclude>
    <ClInclude Include="C:\work\qt\Studio\build_vs\Jahshaka_autogen\include_RelWithDebInfo\src\dialogs\ui_getnamedialog.h">
      <Filter>Header Files</Filter>
    </ClInclude>
    <ClInclude Include="C:\work\qt\Studio\build_vs\Jahshaka_autogen\include_RelWithDebInfo\src\widgets\ui_createanimationwidget.h">
      <Filter>Header Files</Filter>
    </ClInclude>
    <ClInclude Include="C:\work\qt\Studio\build_vs\Jahshaka_autogen\include_RelWithDebInfo\src\dialogs\ui_progressdialog.h">
      <Filter>Header Files</Filter>
    </ClInclude>
    <ClInclude Include="C:\work\qt\Studio\build_vs\Jahshaka_autogen\include_RelWithDebInfo\src\widgets\ui_screenshotwidget.h">
      <Filter>Header Files</Filter>
    </ClInclude>
    <ClInclude Include="C:\work\qt\Studio\build_vs\Jahshaka_autogen\include_RelWithDebInfo\src\widgets\ui_projectmanager.h">
      <Filter>Header Files</Filter>
    </ClInclude>
    <ClInclude Include="C:\work\qt\Studio\build_vs\Jahshaka_autogen\include_RelWithDebInfo\src\dialogs\ui_renameprojectdialog.h">
      <Filter>Header Files</Filter>
    </ClInclude>
    <ClInclude Include="C:\work\qt\Studio\build_vs\Jahshaka_autogen\include_RelWithDebInfo\src\dialogs\ui_donate.h">
      <Filter>Header Files</Filter>
    </ClInclude>
    <ClInclude Include="C:\work\qt\Studio\build_vs\Jahshaka_autogen\include_RelWithDebInfo\src\dialogs\ui_softwareupdatedialog.h">
      <Filter>Header Files</Filter>
    </ClInclude>
  </ItemGroup>
  <ItemGroup>
    <CustomBuild Include="C:\work\qt\Studio\build_vs\CMakeFiles\ea3f6ed0f913db869357171f33f743c1\autouic_(CONFIG).stamp.rule">
      <Filter>CMake Rules</Filter>
    </CustomBuild>
    <CustomBuild Include="C:\work\qt\Studio\build_vs\CMakeFiles\205ea7af0d623a48c5a57c345cb4e0a1\qrc_fonts.cpp.rule">
      <Filter>CMake Rules</Filter>
    </CustomBuild>
    <CustomBuild Include="C:\work\qt\Studio\build_vs\CMakeFiles\205ea7af0d623a48c5a57c345cb4e0a1\qrc_icons.cpp.rule">
      <Filter>CMake Rules</Filter>
    </CustomBuild>
    <CustomBuild Include="C:\work\qt\Studio\build_vs\CMakeFiles\205ea7af0d623a48c5a57c345cb4e0a1\qrc_images.cpp.rule">
      <Filter>CMake Rules</Filter>
    </CustomBuild>
    <CustomBuild Include="C:\work\qt\Studio\build_vs\CMakeFiles\205ea7af0d623a48c5a57c345cb4e0a1\qrc_models.cpp.rule">
      <Filter>CMake Rules</Filter>
    </CustomBuild>
    <CustomBuild Include="C:\work\qt\Studio\build_vs\CMakeFiles\205ea7af0d623a48c5a57c345cb4e0a1\qrc_shaders.cpp.rule">
      <Filter>CMake Rules</Filter>
    </CustomBuild>
    <CustomBuild Include="C:\work\qt\Studio\CMakeLists.txt" />
  </ItemGroup>
  <ItemGroup>
    <None Include="C:\work\qt\Studio\app\fonts.qrc">
      <Filter>Resources</Filter>
    </None>
    <None Include="C:\work\qt\Studio\app\icons.qrc">
      <Filter>Resources</Filter>
    </None>
    <None Include="C:\work\qt\Studio\app\images.qrc">
      <Filter>Resources</Filter>
    </None>
    <None Include="C:\work\qt\Studio\app\models.qrc">
      <Filter>Resources</Filter>
    </None>
    <None Include="C:\work\qt\Studio\app\shaders.qrc">
      <Filter>Resources</Filter>
    </None>
    <None Include="C:\work\qt\Studio\src\mainwindow.ui">
      <Filter>Resources</Filter>
    </None>
    <None Include="C:\work\qt\Studio\src\widgets\colorvaluewidget.ui">
      <Filter>Resources</Filter>
    </None>
    <None Include="C:\work\qt\Studio\src\widgets\colorpickerwidget.ui">
      <Filter>Resources</Filter>
    </None>
    <None Include="C:\work\qt\Studio\src\dialogs\preferencesdialog.ui">
      <Filter>Resources</Filter>
    </None>
    <None Include="C:\work\qt\Studio\src\dialogs\aboutdialog.ui">
      <Filter>Resources</Filter>
    </None>
    <None Include="C:\work\qt\Studio\src\dialogs\preferences\worldsettings.ui">
      <Filter>Resources</Filter>
    </None>
    <None Include="C:\work\qt\Studio\src\dialogs\infodialog.ui">
      <Filter>Resources</Filter>
    </None>
    <None Include="C:\work\qt\Studio\src\dialogs\loadmeshdialog.ui">
      <Filter>Resources</Filter>
    </None>
    <None Include="C:\work\qt\Studio\src\widgets\animationwidget.ui">
      <Filter>Resources</Filter>
    </None>
    <None Include="C:\work\qt\Studio\src\widgets\maintimelinewidget.ui">
      <Filter>Resources</Filter>
    </None>
    <None Include="C:\work\qt\Studio\src\widgets\accordianbladewidget.ui">
      <Filter>Resources</Filter>
    </None>
    <None Include="C:\work\qt\Studio\src\widgets\transformeditor.ui">
      <Filter>Resources</Filter>
    </None>
    <None Include="C:\work\qt\Studio\src\widgets\scenehierarchywidget.ui">
      <Filter>Resources</Filter>
    </None>
    <None Include="C:\work\qt\Studio\src\widgets\skypresets.ui">
      <Filter>Resources</Filter>
    </None>
    <None Include="C:\work\qt\Studio\src\widgets\keyframelabelwidget.ui">
      <Filter>Resources</Filter>
    </None>
    <None Include="C:\work\qt\Studio\src\widgets\keyframelabeltreewidget.ui">
      <Filter>Resources</Filter>
    </None>
    <None Include="C:\work\qt\Studio\src\widgets\labelwidget.ui">
      <Filter>Resources</Filter>
    </None>
    <None Include="C:\work\qt\Studio\src\widgets\checkboxwidget.ui">
      <Filter>Resources</Filter>
    </None>
    <None Include="C:\work\qt\Studio\src\widgets\textinputwidget.ui">
      <Filter>Resources</Filter>
    </None>
    <None Include="C:\work\qt\Studio\src\widgets\comboboxwidget.ui">
      <Filter>Resources</Filter>
    </None>
    <None Include="C:\work\qt\Studio\src\widgets\hfloatsliderwidget.ui">
      <Filter>Resources</Filter>
    </None>
    <None Include="C:\work\qt\Studio\src\widgets\texturepickerwidget.ui">
      <Filter>Resources</Filter>
    </None>
    <None Include="C:\work\qt\Studio\src\widgets\filepickerwidget.ui">
      <Filter>Resources</Filter>
    </None>
    <None Include="C:\work\qt\Studio\src\widgets\propertywidget.ui">
      <Filter>Resources</Filter>
    </None>
    <None Include="C:\work\qt\Studio\src\widgets\postprocesseswidget.ui">
      <Filter>Resources</Filter>
    </None>
    <None Include="C:\work\qt\Studio\src\dialogs\newprojectdialog.ui">
      <Filter>Resources</Filter>
    </None>
    <None Include="C:\work\qt\Studio\src\widgets\assetwidget.ui">
      <Filter>Resources</Filter>
    </None>
    <None Include="C:\work\qt\Studio\src\widgets\assetpickerwidget.ui">
      <Filter>Resources</Filter>
    </None>
    <None Include="C:\work\qt\Studio\src\widgets\keyframelabel.ui">
      <Filter>Resources</Filter>
    </None>
    <None Include="C:\work\qt\Studio\src\widgets\keyframecurvewidget.ui">
      <Filter>Resources</Filter>
    </None>
    <None Include="C:\work\qt\Studio\src\dialogs\getnamedialog.ui">
      <Filter>Resources</Filter>
    </None>
    <None Include="C:\work\qt\Studio\src\widgets\createanimationwidget.ui">
      <Filter>Resources</Filter>
    </None>
    <None Include="C:\work\qt\Studio\src\dialogs\progressdialog.ui">
      <Filter>Resources</Filter>
    </None>
    <None Include="C:\work\qt\Studio\src\widgets\screenshotwidget.ui">
      <Filter>Resources</Filter>
    </None>
    <None Include="C:\work\qt\Studio\src\widgets\projectmanager.ui">
      <Filter>Resources</Filter>
    </None>
    <None Include="C:\work\qt\Studio\src\dialogs\renameprojectdialog.ui">
      <Filter>Resources</Filter>
    </None>
    <None Include="C:\work\qt\Studio\src\dialogs\donate.ui">
      <Filter>Resources</Filter>
    </None>
    <None Include="C:\work\qt\Studio\src\dialogs\softwareupdatedialog.ui">
      <Filter>Resources</Filter>
    </None>
    <None Include="C:\work\qt\Studio\app\icons\icon.icns">
      <Filter>Resources</Filter>
    </None>
    <None Include="C:\work\qt\Studio\build_vs\Jahshaka_autogen\autouic_Debug.stamp" />
    <None Include="C:\work\qt\Studio\build_vs\Jahshaka_autogen\autouic_Release.stamp" />
    <None Include="C:\work\qt\Studio\build_vs\Jahshaka_autogen\autouic_MinSizeRel.stamp" />
    <None Include="C:\work\qt\Studio\build_vs\Jahshaka_autogen\autouic_RelWithDebInfo.stamp" />
  </ItemGroup>
  <ItemGroup>
    <ResourceCompile Include="C:\work\qt\Studio\app\winapp.rc">
      <Filter>Source Files</Filter>
    </ResourceCompile>
  </ItemGroup>
  <ItemGroup>
    <Filter Include="CMake Rules">
      <UniqueIdentifier>{AA0323AE-53AD-306A-8E18-1ED49D87EBB7}</UniqueIdentifier>
    </Filter>
    <Filter Include="Header Files">
      <UniqueIdentifier>{898F4941-0AB9-377B-AEA4-99B356BA22A6}</UniqueIdentifier>
    </Filter>
    <Filter Include="Resources">
      <UniqueIdentifier>{B69A4F9A-EEB2-312B-8BD6-88D6FAE84A76}</UniqueIdentifier>
    </Filter>
    <Filter Include="Source Files">
      <UniqueIdentifier>{C41C896E-4D97-3EAE-A735-B573B61754CE}</UniqueIdentifier>
    </Filter>
  </ItemGroup>
</Project>
