<?xml version="1.0" encoding="utf-8"?>
<Project ToolsVersion="17.0" xmlns="http://schemas.microsoft.com/developer/msbuild/2003">
  <ItemGroup>
    <CustomBuild Include="C:\work\qt\Studio\build_vs\CMakeFiles\ad2d726757049cb4e60b0be6e6d11b94\INSTALL_force.rule">
      <Filter>CMake Rules</Filter>
    </CustomBuild>
  </ItemGroup>
  <ItemGroup>
    <Filter Include="CMake Rules">
      <UniqueIdentifier>{AA0323AE-53AD-306A-8E18-1ED49D87EBB7}</UniqueIdentifier>
    </Filter>
  </ItemGroup>
</Project>
